// !$*UTF8*$!
{
	archiveVersion = 1;
	classes = {
	};
	objectVersion = 46;
	objects = {

/* Begin PBXBuildFile section */
		FE08671919E79127004AB167 /* Alamofire.framework in Frameworks */ = {isa = PBXBuildFile; fileRef = FE08670B19E7910E004AB167 /* Alamofire.framework */; };
		FE08671A19E79132004AB167 /* Alamofire.framework in CopyFiles */ = {isa = PBXBuildFile; fileRef = FE08670B19E7910E004AB167 /* Alamofire.framework */; settings = {ATTRIBUTES = (CodeSignOnCopy, RemoveHeadersOnCopy, ); }; };
		FE08671B19E79166004AB167 /* SwiftyJSON.framework in CopyFiles */ = {isa = PBXBuildFile; fileRef = FE08671419E7911B004AB167 /* SwiftyJSON.framework */; settings = {ATTRIBUTES = (CodeSignOnCopy, RemoveHeadersOnCopy, ); }; };
		FE17A8EE19FA2B49007BFC62 /* CcltRoute.swift in Sources */ = {isa = PBXBuildFile; fileRef = FE3835F719F67B7E001EFB6B /* CcltRoute.swift */; };
		FE17A8FF19FDD1B7007BFC62 /* FeatureViewModel.swift in Sources */ = {isa = PBXBuildFile; fileRef = FE17A8FE19FDD1B7007BFC62 /* FeatureViewModel.swift */; };
		FE17A90019FDD1B8007BFC62 /* FeatureViewModel.swift in Sources */ = {isa = PBXBuildFile; fileRef = FE17A8FE19FDD1B7007BFC62 /* FeatureViewModel.swift */; };
		FE17A90219FDD5E7007BFC62 /* CuratorViewModel.swift in Sources */ = {isa = PBXBuildFile; fileRef = FE17A90119FDD5E7007BFC62 /* CuratorViewModel.swift */; };
		FE17A90319FDD5E7007BFC62 /* CuratorViewModel.swift in Sources */ = {isa = PBXBuildFile; fileRef = FE17A90119FDD5E7007BFC62 /* CuratorViewModel.swift */; };
		FE17A90C19FDD76D007BFC62 /* CategoryViewModelSpec.swift in Sources */ = {isa = PBXBuildFile; fileRef = FE17A90719FDD76D007BFC62 /* CategoryViewModelSpec.swift */; };
		FE17A90E19FDD76D007BFC62 /* FeatureViewModelSpec.swift in Sources */ = {isa = PBXBuildFile; fileRef = FE17A90819FDD76D007BFC62 /* FeatureViewModelSpec.swift */; };
		FE17A91019FDD76D007BFC62 /* SummaryViewModelSpec.swift in Sources */ = {isa = PBXBuildFile; fileRef = FE17A90919FDD76D007BFC62 /* SummaryViewModelSpec.swift */; };
		FE17A91219FDD83A007BFC62 /* PickupViewModelSpec.swift in Sources */ = {isa = PBXBuildFile; fileRef = FE17A91119FDD83A007BFC62 /* PickupViewModelSpec.swift */; };
		FE17A91419FDDB9C007BFC62 /* CuratorViewModelSpec.swift in Sources */ = {isa = PBXBuildFile; fileRef = FE17A91319FDDB9C007BFC62 /* CuratorViewModelSpec.swift */; };
		FE3835F819F67B7E001EFB6B /* AppDelegate.swift in Sources */ = {isa = PBXBuildFile; fileRef = FE3835E719F67B7E001EFB6B /* AppDelegate.swift */; };
		FE3835F919F67B7E001EFB6B /* SummariesController.swift in Sources */ = {isa = PBXBuildFile; fileRef = FE3835E919F67B7E001EFB6B /* SummariesController.swift */; };
		FE3835FE19F67B7E001EFB6B /* SummaryCollectionViewCell.swift in Sources */ = {isa = PBXBuildFile; fileRef = FE3835F119F67B7E001EFB6B /* SummaryCollectionViewCell.swift */; };
		FE3835FF19F67B7E001EFB6B /* SummaryCollectionViewCell.xib in Resources */ = {isa = PBXBuildFile; fileRef = FE3835F219F67B7E001EFB6B /* SummaryCollectionViewCell.xib */; };
		FE38360019F67B7E001EFB6B /* SummaryFeaturesView.swift in Sources */ = {isa = PBXBuildFile; fileRef = FE3835F319F67B7E001EFB6B /* SummaryFeaturesView.swift */; };
		FE38360119F67B7E001EFB6B /* SummaryFeaturesView.xib in Resources */ = {isa = PBXBuildFile; fileRef = FE3835F419F67B7E001EFB6B /* SummaryFeaturesView.xib */; };
		FE38360219F67B7E001EFB6B /* SummaryFeaturesView1.xib in Resources */ = {isa = PBXBuildFile; fileRef = FE3835F519F67B7E001EFB6B /* SummaryFeaturesView1.xib */; };
		FE38360319F67B7E001EFB6B /* CcltRoute.swift in Sources */ = {isa = PBXBuildFile; fileRef = FE3835F719F67B7E001EFB6B /* CcltRoute.swift */; };
		FE38360619F8E31E001EFB6B /* SummaryViewModel.swift in Sources */ = {isa = PBXBuildFile; fileRef = FE38360519F8E31D001EFB6B /* SummaryViewModel.swift */; };
		FE38360719F8E31E001EFB6B /* SummaryViewModel.swift in Sources */ = {isa = PBXBuildFile; fileRef = FE38360519F8E31D001EFB6B /* SummaryViewModel.swift */; };
		FE38360D19F8E35E001EFB6B /* Category.swift in Sources */ = {isa = PBXBuildFile; fileRef = FE38360919F8E35E001EFB6B /* Category.swift */; };
		FE38360E19F8E35E001EFB6B /* Category.swift in Sources */ = {isa = PBXBuildFile; fileRef = FE38360919F8E35E001EFB6B /* Category.swift */; };
		FE38360F19F8E35E001EFB6B /* Curator.swift in Sources */ = {isa = PBXBuildFile; fileRef = FE38360A19F8E35E001EFB6B /* Curator.swift */; };
		FE38361019F8E35E001EFB6B /* Curator.swift in Sources */ = {isa = PBXBuildFile; fileRef = FE38360A19F8E35E001EFB6B /* Curator.swift */; };
		FE38361119F8E35E001EFB6B /* Feature.swift in Sources */ = {isa = PBXBuildFile; fileRef = FE38360B19F8E35E001EFB6B /* Feature.swift */; };
		FE38361219F8E35E001EFB6B /* Feature.swift in Sources */ = {isa = PBXBuildFile; fileRef = FE38360B19F8E35E001EFB6B /* Feature.swift */; };
		FE38361319F8E35E001EFB6B /* Summary.swift in Sources */ = {isa = PBXBuildFile; fileRef = FE38360C19F8E35E001EFB6B /* Summary.swift */; };
		FE38361419F8E35E001EFB6B /* Summary.swift in Sources */ = {isa = PBXBuildFile; fileRef = FE38360C19F8E35E001EFB6B /* Summary.swift */; };
		FE38361919F8F67A001EFB6B /* CategoryViewModel.swift in Sources */ = {isa = PBXBuildFile; fileRef = FE38361819F8F67A001EFB6B /* CategoryViewModel.swift */; };
		FE38361A19F8F67A001EFB6B /* CategoryViewModel.swift in Sources */ = {isa = PBXBuildFile; fileRef = FE38361819F8F67A001EFB6B /* CategoryViewModel.swift */; };
		FE38361C19F8F74D001EFB6B /* Pickup.swift in Sources */ = {isa = PBXBuildFile; fileRef = FE38361B19F8F74D001EFB6B /* Pickup.swift */; };
		FE38361D19F8F74D001EFB6B /* Pickup.swift in Sources */ = {isa = PBXBuildFile; fileRef = FE38361B19F8F74D001EFB6B /* Pickup.swift */; };
		FE38362219F8F99F001EFB6B /* PickupViewModel.swift in Sources */ = {isa = PBXBuildFile; fileRef = FE38362119F8F99F001EFB6B /* PickupViewModel.swift */; };
		FE38362319F8F99F001EFB6B /* PickupViewModel.swift in Sources */ = {isa = PBXBuildFile; fileRef = FE38362119F8F99F001EFB6B /* PickupViewModel.swift */; };
		FE3F358219E616CD005A2166 /* Main.storyboard in Resources */ = {isa = PBXBuildFile; fileRef = FE3F358019E616CD005A2166 /* Main.storyboard */; };
		FE3F358419E616CD005A2166 /* Images.xcassets in Resources */ = {isa = PBXBuildFile; fileRef = FE3F358319E616CD005A2166 /* Images.xcassets */; };
		FE3F358719E616CD005A2166 /* LaunchScreen.xib in Resources */ = {isa = PBXBuildFile; fileRef = FE3F358519E616CD005A2166 /* LaunchScreen.xib */; };
		FE9C870119ECFE22002C50BE /* Nimble.framework in Frameworks */ = {isa = PBXBuildFile; fileRef = FE3F35C619E661FD005A2166 /* Nimble.framework */; };
		FE9C870219ECFE28002C50BE /* Quick.framework in Frameworks */ = {isa = PBXBuildFile; fileRef = FE9C86FE19ECFDF3002C50BE /* Quick.framework */; };
		FE9C870819ECFEE6002C50BE /* Quick.framework in CopyFiles */ = {isa = PBXBuildFile; fileRef = FE9C86FE19ECFDF3002C50BE /* Quick.framework */; settings = {ATTRIBUTES = (CodeSignOnCopy, RemoveHeadersOnCopy, ); }; };
		FE9C870919ED0064002C50BE /* Nimble.framework in CopyFiles */ = {isa = PBXBuildFile; fileRef = FE3F35C619E661FD005A2166 /* Nimble.framework */; settings = {ATTRIBUTES = (CodeSignOnCopy, RemoveHeadersOnCopy, ); }; };
		FE9C876619F0C56F002C50BE /* Haneke.framework in Frameworks */ = {isa = PBXBuildFile; fileRef = FE9C875F19F0C526002C50BE /* Haneke.framework */; };
		FE9C876719F0C578002C50BE /* Haneke.framework in CopyFiles */ = {isa = PBXBuildFile; fileRef = FE9C875F19F0C526002C50BE /* Haneke.framework */; settings = {ATTRIBUTES = (CodeSignOnCopy, RemoveHeadersOnCopy, ); }; };
		FE9C876D19F4C24B002C50BE /* Async.parallel.swift in Sources */ = {isa = PBXBuildFile; fileRef = FE9C876A19F4C24B002C50BE /* Async.parallel.swift */; };
		FE9C876E19F4C24B002C50BE /* Async.series.swift in Sources */ = {isa = PBXBuildFile; fileRef = FE9C876B19F4C24B002C50BE /* Async.series.swift */; };
		FE9C876F19F4C24B002C50BE /* Async.swift in Sources */ = {isa = PBXBuildFile; fileRef = FE9C876C19F4C24B002C50BE /* Async.swift */; };
		FE9C877019F4E35E002C50BE /* Async.parallel.swift in Sources */ = {isa = PBXBuildFile; fileRef = FE9C876A19F4C24B002C50BE /* Async.parallel.swift */; };
		FE9C877119F4E35E002C50BE /* Async.series.swift in Sources */ = {isa = PBXBuildFile; fileRef = FE9C876B19F4C24B002C50BE /* Async.series.swift */; };
		FE9C877219F4E35E002C50BE /* Async.swift in Sources */ = {isa = PBXBuildFile; fileRef = FE9C876C19F4C24B002C50BE /* Async.swift */; };
		FEE87E221A0093CD004EBAE2 /* SummaryPartialViewModel.swift in Sources */ = {isa = PBXBuildFile; fileRef = FEE87E211A0093CD004EBAE2 /* SummaryPartialViewModel.swift */; };
		FEE87E231A0093CD004EBAE2 /* SummaryPartialViewModel.swift in Sources */ = {isa = PBXBuildFile; fileRef = FEE87E211A0093CD004EBAE2 /* SummaryPartialViewModel.swift */; };
		FEE87E311A0093DE004EBAE2 /* SummaryPartialViewModelSpec.swift in Sources */ = {isa = PBXBuildFile; fileRef = FEE87E301A0093DE004EBAE2 /* SummaryPartialViewModelSpec.swift */; };
		FEE87E331A009555004EBAE2 /* SummaryPartialView.swift in Sources */ = {isa = PBXBuildFile; fileRef = FEE87E321A009555004EBAE2 /* SummaryPartialView.swift */; };
		FEE87E341A009555004EBAE2 /* SummaryPartialView.swift in Sources */ = {isa = PBXBuildFile; fileRef = FEE87E321A009555004EBAE2 /* SummaryPartialView.swift */; };
		FEE87E391A03380E004EBAE2 /* MainPageViewModel.swift in Sources */ = {isa = PBXBuildFile; fileRef = FEE87E381A03380E004EBAE2 /* MainPageViewModel.swift */; };
		FEE87E3A1A03380E004EBAE2 /* MainPageViewModel.swift in Sources */ = {isa = PBXBuildFile; fileRef = FEE87E381A03380E004EBAE2 /* MainPageViewModel.swift */; };
/* End PBXBuildFile section */

/* Begin PBXContainerItemProxy section */
		FE08670A19E7910E004AB167 /* PBXContainerItemProxy */ = {
			isa = PBXContainerItemProxy;
			containerPortal = FE08670519E7910E004AB167 /* Alamofire.xcodeproj */;
			proxyType = 2;
			remoteGlobalIDString = F8111E3319A95C8B0040E7D1;
			remoteInfo = Alamofire;
		};
		FE08670C19E7910E004AB167 /* PBXContainerItemProxy */ = {
			isa = PBXContainerItemProxy;
			containerPortal = FE08670519E7910E004AB167 /* Alamofire.xcodeproj */;
			proxyType = 2;
			remoteGlobalIDString = F8111E3E19A95C8B0040E7D1;
			remoteInfo = AlamofireTests;
		};
		FE08671319E7911B004AB167 /* PBXContainerItemProxy */ = {
			isa = PBXContainerItemProxy;
			containerPortal = FE08670E19E7911B004AB167 /* SwiftyJSON.xcodeproj */;
			proxyType = 2;
			remoteGlobalIDString = 2E4FEFDB19575BE100351305;
			remoteInfo = SwiftyJSON;
		};
		FE08671519E7911B004AB167 /* PBXContainerItemProxy */ = {
			isa = PBXContainerItemProxy;
			containerPortal = FE08670E19E7911B004AB167 /* SwiftyJSON.xcodeproj */;
			proxyType = 2;
			remoteGlobalIDString = 2E4FEFE619575BE100351305;
			remoteInfo = SwiftyJSONTests;
		};
		FE08671719E79124004AB167 /* PBXContainerItemProxy */ = {
			isa = PBXContainerItemProxy;
			containerPortal = FE08670519E7910E004AB167 /* Alamofire.xcodeproj */;
			proxyType = 1;
			remoteGlobalIDString = F8111E3219A95C8B0040E7D1;
			remoteInfo = Alamofire;
		};
		FE3F358D19E616CD005A2166 /* PBXContainerItemProxy */ = {
			isa = PBXContainerItemProxy;
			containerPortal = FE3F356F19E616CD005A2166 /* Project object */;
			proxyType = 1;
			remoteGlobalIDString = FE3F357619E616CD005A2166;
			remoteInfo = cclt;
		};
		FE3F35C519E661FD005A2166 /* PBXContainerItemProxy */ = {
			isa = PBXContainerItemProxy;
			containerPortal = FE3F35BE19E661FD005A2166 /* Nimble.xcodeproj */;
			proxyType = 2;
			remoteGlobalIDString = 1F1A74291940169200FFFC47;
			remoteInfo = "Nimble-iOS";
		};
		FE3F35C719E661FD005A2166 /* PBXContainerItemProxy */ = {
			isa = PBXContainerItemProxy;
			containerPortal = FE3F35BE19E661FD005A2166 /* Nimble.xcodeproj */;
			proxyType = 2;
			remoteGlobalIDString = 1F1A74341940169200FFFC47;
			remoteInfo = "Nimble-iOSTests";
		};
		FE9C86F119ECFDF3002C50BE /* PBXContainerItemProxy */ = {
			isa = PBXContainerItemProxy;
			containerPortal = FE3F35BE19E661FD005A2166 /* Nimble.xcodeproj */;
			proxyType = 2;
			remoteGlobalIDString = 1F925EAD195C0D6300ED456B;
			remoteInfo = "Nimble-OSX";
		};
		FE9C86F319ECFDF3002C50BE /* PBXContainerItemProxy */ = {
			isa = PBXContainerItemProxy;
			containerPortal = FE3F35BE19E661FD005A2166 /* Nimble.xcodeproj */;
			proxyType = 2;
			remoteGlobalIDString = 1F925EB7195C0D6300ED456B;
			remoteInfo = "Nimble-OSXTests";
		};
		FE9C86F919ECFDF3002C50BE /* PBXContainerItemProxy */ = {
			isa = PBXContainerItemProxy;
			containerPortal = FE9C86EB19ECFDF3002C50BE /* Quick.xcodeproj */;
			proxyType = 2;
			remoteGlobalIDString = DAEB6B8E1943873100289F44;
			remoteInfo = Quick;
		};
		FE9C86FB19ECFDF3002C50BE /* PBXContainerItemProxy */ = {
			isa = PBXContainerItemProxy;
			containerPortal = FE9C86EB19ECFDF3002C50BE /* Quick.xcodeproj */;
			proxyType = 2;
			remoteGlobalIDString = DAEB6B991943873100289F44;
			remoteInfo = QuickTests;
		};
		FE9C86FD19ECFDF3002C50BE /* PBXContainerItemProxy */ = {
			isa = PBXContainerItemProxy;
			containerPortal = FE9C86EB19ECFDF3002C50BE /* Quick.xcodeproj */;
			proxyType = 2;
			remoteGlobalIDString = 5A5D117C19473F2100F6D13D;
			remoteInfo = "Quick-iOS";
		};
		FE9C86FF19ECFDF3002C50BE /* PBXContainerItemProxy */ = {
			isa = PBXContainerItemProxy;
			containerPortal = FE9C86EB19ECFDF3002C50BE /* Quick.xcodeproj */;
			proxyType = 2;
			remoteGlobalIDString = 5A5D118619473F2100F6D13D;
			remoteInfo = "Quick-iOSTests";
		};
		FE9C870319ECFE96002C50BE /* PBXContainerItemProxy */ = {
			isa = PBXContainerItemProxy;
			containerPortal = FE9C86EB19ECFDF3002C50BE /* Quick.xcodeproj */;
			proxyType = 1;
			remoteGlobalIDString = 5A5D117B19473F2100F6D13D;
			remoteInfo = "Quick-iOS";
		};
		FE9C870519ECFE9C002C50BE /* PBXContainerItemProxy */ = {
			isa = PBXContainerItemProxy;
			containerPortal = FE3F35BE19E661FD005A2166 /* Nimble.xcodeproj */;
			proxyType = 1;
			remoteGlobalIDString = 1F1A74281940169200FFFC47;
			remoteInfo = "Nimble-iOS";
		};
		FE9C875E19F0C526002C50BE /* PBXContainerItemProxy */ = {
			isa = PBXContainerItemProxy;
			containerPortal = FE9C875719F0C526002C50BE /* Haneke.xcodeproj */;
			proxyType = 2;
			remoteGlobalIDString = A095C9561980418C00CD0F4C;
			remoteInfo = Haneke;
		};
		FE9C876019F0C526002C50BE /* PBXContainerItemProxy */ = {
			isa = PBXContainerItemProxy;
			containerPortal = FE9C875719F0C526002C50BE /* Haneke.xcodeproj */;
			proxyType = 2;
			remoteGlobalIDString = A095C9611980418C00CD0F4C;
			remoteInfo = HanekeTests;
		};
		FE9C876219F0C526002C50BE /* PBXContainerItemProxy */ = {
			isa = PBXContainerItemProxy;
			containerPortal = FE9C875719F0C526002C50BE /* Haneke.xcodeproj */;
			proxyType = 2;
			remoteGlobalIDString = A0026E9A19C9BFBC004DE0C6;
			remoteInfo = HanekeDemo;
		};
/* End PBXContainerItemProxy section */

/* Begin PBXCopyFilesBuildPhase section */
		FE9C870719ECFED2002C50BE /* CopyFiles */ = {
			isa = PBXCopyFilesBuildPhase;
			buildActionMask = 2147483647;
			dstPath = "";
			dstSubfolderSpec = 10;
			files = (
				FE9C870919ED0064002C50BE /* Nimble.framework in CopyFiles */,
				FE9C870819ECFEE6002C50BE /* Quick.framework in CopyFiles */,
			);
			runOnlyForDeploymentPostprocessing = 0;
		};
		FED0DE5119E785110014110F /* CopyFiles */ = {
			isa = PBXCopyFilesBuildPhase;
			buildActionMask = 2147483647;
			dstPath = "";
			dstSubfolderSpec = 10;
			files = (
				FE9C876719F0C578002C50BE /* Haneke.framework in CopyFiles */,
				FE08671B19E79166004AB167 /* SwiftyJSON.framework in CopyFiles */,
				FE08671A19E79132004AB167 /* Alamofire.framework in CopyFiles */,
			);
			runOnlyForDeploymentPostprocessing = 0;
		};
/* End PBXCopyFilesBuildPhase section */

/* Begin PBXFileReference section */
		FE08670519E7910E004AB167 /* Alamofire.xcodeproj */ = {isa = PBXFileReference; lastKnownFileType = "wrapper.pb-project"; name = Alamofire.xcodeproj; path = Vendor/Alamofire/Alamofire.xcodeproj; sourceTree = SOURCE_ROOT; };
		FE08670E19E7911B004AB167 /* SwiftyJSON.xcodeproj */ = {isa = PBXFileReference; lastKnownFileType = "wrapper.pb-project"; name = SwiftyJSON.xcodeproj; path = Vendor/SwiftyJSON/SwiftyJSON.xcodeproj; sourceTree = SOURCE_ROOT; };
		FE17A8FE19FDD1B7007BFC62 /* FeatureViewModel.swift */ = {isa = PBXFileReference; fileEncoding = 4; lastKnownFileType = sourcecode.swift; path = FeatureViewModel.swift; sourceTree = "<group>"; };
		FE17A90119FDD5E7007BFC62 /* CuratorViewModel.swift */ = {isa = PBXFileReference; fileEncoding = 4; lastKnownFileType = sourcecode.swift; path = CuratorViewModel.swift; sourceTree = "<group>"; };
		FE17A90719FDD76D007BFC62 /* CategoryViewModelSpec.swift */ = {isa = PBXFileReference; fileEncoding = 4; lastKnownFileType = sourcecode.swift; path = CategoryViewModelSpec.swift; sourceTree = "<group>"; };
		FE17A90819FDD76D007BFC62 /* FeatureViewModelSpec.swift */ = {isa = PBXFileReference; fileEncoding = 4; lastKnownFileType = sourcecode.swift; path = FeatureViewModelSpec.swift; sourceTree = "<group>"; };
		FE17A90919FDD76D007BFC62 /* SummaryViewModelSpec.swift */ = {isa = PBXFileReference; fileEncoding = 4; lastKnownFileType = sourcecode.swift; path = SummaryViewModelSpec.swift; sourceTree = "<group>"; };
		FE17A91119FDD83A007BFC62 /* PickupViewModelSpec.swift */ = {isa = PBXFileReference; fileEncoding = 4; lastKnownFileType = sourcecode.swift; path = PickupViewModelSpec.swift; sourceTree = "<group>"; };
		FE17A91319FDDB9C007BFC62 /* CuratorViewModelSpec.swift */ = {isa = PBXFileReference; fileEncoding = 4; lastKnownFileType = sourcecode.swift; path = CuratorViewModelSpec.swift; sourceTree = "<group>"; };
		FE3835E719F67B7E001EFB6B /* AppDelegate.swift */ = {isa = PBXFileReference; fileEncoding = 4; lastKnownFileType = sourcecode.swift; path = AppDelegate.swift; sourceTree = "<group>"; };
		FE3835E919F67B7E001EFB6B /* SummariesController.swift */ = {isa = PBXFileReference; fileEncoding = 4; lastKnownFileType = sourcecode.swift; path = SummariesController.swift; sourceTree = "<group>"; };
		FE3835F119F67B7E001EFB6B /* SummaryCollectionViewCell.swift */ = {isa = PBXFileReference; fileEncoding = 4; lastKnownFileType = sourcecode.swift; path = SummaryCollectionViewCell.swift; sourceTree = "<group>"; };
		FE3835F219F67B7E001EFB6B /* SummaryCollectionViewCell.xib */ = {isa = PBXFileReference; fileEncoding = 4; lastKnownFileType = file.xib; path = SummaryCollectionViewCell.xib; sourceTree = "<group>"; };
		FE3835F319F67B7E001EFB6B /* SummaryFeaturesView.swift */ = {isa = PBXFileReference; fileEncoding = 4; lastKnownFileType = sourcecode.swift; path = SummaryFeaturesView.swift; sourceTree = "<group>"; };
		FE3835F419F67B7E001EFB6B /* SummaryFeaturesView.xib */ = {isa = PBXFileReference; fileEncoding = 4; lastKnownFileType = file.xib; path = SummaryFeaturesView.xib; sourceTree = "<group>"; };
		FE3835F519F67B7E001EFB6B /* SummaryFeaturesView1.xib */ = {isa = PBXFileReference; fileEncoding = 4; lastKnownFileType = file.xib; path = SummaryFeaturesView1.xib; sourceTree = "<group>"; };
		FE3835F719F67B7E001EFB6B /* CcltRoute.swift */ = {isa = PBXFileReference; fileEncoding = 4; lastKnownFileType = sourcecode.swift; path = CcltRoute.swift; sourceTree = "<group>"; };
		FE38360519F8E31D001EFB6B /* SummaryViewModel.swift */ = {isa = PBXFileReference; fileEncoding = 4; lastKnownFileType = sourcecode.swift; path = SummaryViewModel.swift; sourceTree = "<group>"; };
		FE38360919F8E35E001EFB6B /* Category.swift */ = {isa = PBXFileReference; fileEncoding = 4; lastKnownFileType = sourcecode.swift; path = Category.swift; sourceTree = "<group>"; };
		FE38360A19F8E35E001EFB6B /* Curator.swift */ = {isa = PBXFileReference; fileEncoding = 4; lastKnownFileType = sourcecode.swift; path = Curator.swift; sourceTree = "<group>"; };
		FE38360B19F8E35E001EFB6B /* Feature.swift */ = {isa = PBXFileReference; fileEncoding = 4; lastKnownFileType = sourcecode.swift; path = Feature.swift; sourceTree = "<group>"; };
		FE38360C19F8E35E001EFB6B /* Summary.swift */ = {isa = PBXFileReference; fileEncoding = 4; lastKnownFileType = sourcecode.swift; path = Summary.swift; sourceTree = "<group>"; };
		FE38361819F8F67A001EFB6B /* CategoryViewModel.swift */ = {isa = PBXFileReference; fileEncoding = 4; lastKnownFileType = sourcecode.swift; path = CategoryViewModel.swift; sourceTree = "<group>"; };
		FE38361B19F8F74D001EFB6B /* Pickup.swift */ = {isa = PBXFileReference; fileEncoding = 4; lastKnownFileType = sourcecode.swift; path = Pickup.swift; sourceTree = "<group>"; };
		FE38362119F8F99F001EFB6B /* PickupViewModel.swift */ = {isa = PBXFileReference; fileEncoding = 4; lastKnownFileType = sourcecode.swift; path = PickupViewModel.swift; sourceTree = "<group>"; };
		FE3F357719E616CD005A2166 /* cclt.app */ = {isa = PBXFileReference; explicitFileType = wrapper.application; includeInIndex = 0; path = cclt.app; sourceTree = BUILT_PRODUCTS_DIR; };
		FE3F357B19E616CD005A2166 /* Info.plist */ = {isa = PBXFileReference; lastKnownFileType = text.plist.xml; path = Info.plist; sourceTree = "<group>"; };
		FE3F358119E616CD005A2166 /* Base */ = {isa = PBXFileReference; lastKnownFileType = file.storyboard; name = Base; path = Base.lproj/Main.storyboard; sourceTree = "<group>"; };
		FE3F358319E616CD005A2166 /* Images.xcassets */ = {isa = PBXFileReference; lastKnownFileType = folder.assetcatalog; path = Images.xcassets; sourceTree = "<group>"; };
		FE3F358619E616CD005A2166 /* Base */ = {isa = PBXFileReference; lastKnownFileType = file.xib; name = Base; path = Base.lproj/LaunchScreen.xib; sourceTree = "<group>"; };
		FE3F358C19E616CD005A2166 /* ccltTests.xctest */ = {isa = PBXFileReference; explicitFileType = wrapper.cfbundle; includeInIndex = 0; path = ccltTests.xctest; sourceTree = BUILT_PRODUCTS_DIR; };
		FE3F359119E616CD005A2166 /* Info.plist */ = {isa = PBXFileReference; lastKnownFileType = text.plist.xml; path = Info.plist; sourceTree = "<group>"; };
		FE3F35BE19E661FD005A2166 /* Nimble.xcodeproj */ = {isa = PBXFileReference; lastKnownFileType = "wrapper.pb-project"; name = Nimble.xcodeproj; path = Vendor/Quick/Externals/Nimble/Nimble.xcodeproj; sourceTree = SOURCE_ROOT; };
		FE9C86EB19ECFDF3002C50BE /* Quick.xcodeproj */ = {isa = PBXFileReference; lastKnownFileType = "wrapper.pb-project"; name = Quick.xcodeproj; path = Vendor/Quick/Quick/Quick.xcodeproj; sourceTree = SOURCE_ROOT; };
		FE9C875719F0C526002C50BE /* Haneke.xcodeproj */ = {isa = PBXFileReference; lastKnownFileType = "wrapper.pb-project"; name = Haneke.xcodeproj; path = Vendor/HanakeSwift/Haneke.xcodeproj; sourceTree = SOURCE_ROOT; };
		FE9C876919F4C24B002C50BE /* Async.h */ = {isa = PBXFileReference; fileEncoding = 4; lastKnownFileType = sourcecode.c.h; name = Async.h; path = "Vendor/swift-async/async/Async.h"; sourceTree = SOURCE_ROOT; };
		FE9C876A19F4C24B002C50BE /* Async.parallel.swift */ = {isa = PBXFileReference; fileEncoding = 4; lastKnownFileType = sourcecode.swift; name = Async.parallel.swift; path = "Vendor/swift-async/async/Async.parallel.swift"; sourceTree = SOURCE_ROOT; };
		FE9C876B19F4C24B002C50BE /* Async.series.swift */ = {isa = PBXFileReference; fileEncoding = 4; lastKnownFileType = sourcecode.swift; name = Async.series.swift; path = "Vendor/swift-async/async/Async.series.swift"; sourceTree = SOURCE_ROOT; };
		FE9C876C19F4C24B002C50BE /* Async.swift */ = {isa = PBXFileReference; fileEncoding = 4; lastKnownFileType = sourcecode.swift; name = Async.swift; path = "Vendor/swift-async/async/Async.swift"; sourceTree = SOURCE_ROOT; };
		FEE87E211A0093CD004EBAE2 /* SummaryPartialViewModel.swift */ = {isa = PBXFileReference; fileEncoding = 4; lastKnownFileType = sourcecode.swift; name = SummaryPartialViewModel.swift; path = cclt/app/ViewModels/SummaryPartialViewModel.swift; sourceTree = SOURCE_ROOT; };
		FEE87E301A0093DE004EBAE2 /* SummaryPartialViewModelSpec.swift */ = {isa = PBXFileReference; fileEncoding = 4; lastKnownFileType = sourcecode.swift; path = SummaryPartialViewModelSpec.swift; sourceTree = "<group>"; };
		FEE87E321A009555004EBAE2 /* SummaryPartialView.swift */ = {isa = PBXFileReference; fileEncoding = 4; lastKnownFileType = sourcecode.swift; path = SummaryPartialView.swift; sourceTree = "<group>"; };
		FEE87E381A03380E004EBAE2 /* MainPageViewModel.swift */ = {isa = PBXFileReference; fileEncoding = 4; lastKnownFileType = sourcecode.swift; path = MainPageViewModel.swift; sourceTree = "<group>"; };
/* End PBXFileReference section */

/* Begin PBXFrameworksBuildPhase section */
		FE3F357419E616CD005A2166 /* Frameworks */ = {
			isa = PBXFrameworksBuildPhase;
			buildActionMask = 2147483647;
			files = (
				FE9C876619F0C56F002C50BE /* Haneke.framework in Frameworks */,
				FE08671919E79127004AB167 /* Alamofire.framework in Frameworks */,
			);
			runOnlyForDeploymentPostprocessing = 0;
		};
		FE3F358919E616CD005A2166 /* Frameworks */ = {
			isa = PBXFrameworksBuildPhase;
			buildActionMask = 2147483647;
			files = (
				FE9C870219ECFE28002C50BE /* Quick.framework in Frameworks */,
				FE9C870119ECFE22002C50BE /* Nimble.framework in Frameworks */,
			);
			runOnlyForDeploymentPostprocessing = 0;
		};
/* End PBXFrameworksBuildPhase section */

/* Begin PBXGroup section */
		FE08670619E7910E004AB167 /* Products */ = {
			isa = PBXGroup;
			children = (
				FE08670B19E7910E004AB167 /* Alamofire.framework */,
				FE08670D19E7910E004AB167 /* AlamofireTests.xctest */,
			);
			name = Products;
			sourceTree = "<group>";
		};
		FE08670F19E7911B004AB167 /* Products */ = {
			isa = PBXGroup;
			children = (
				FE08671419E7911B004AB167 /* SwiftyJSON.framework */,
				FE08671619E7911B004AB167 /* SwiftyJSONTests.xctest */,
			);
			name = Products;
			sourceTree = "<group>";
		};
		FE17A90419FDD76D007BFC62 /* Controllers */ = {
			isa = PBXGroup;
			children = (
			);
			path = Controllers;
			sourceTree = "<group>";
		};
		FE17A90519FDD76D007BFC62 /* Models */ = {
			isa = PBXGroup;
			children = (
			);
			path = Models;
			sourceTree = "<group>";
		};
		FE17A90619FDD76D007BFC62 /* ViewModels */ = {
			isa = PBXGroup;
			children = (
				FE17A90719FDD76D007BFC62 /* CategoryViewModelSpec.swift */,
				FE17A91319FDDB9C007BFC62 /* CuratorViewModelSpec.swift */,
				FE17A90819FDD76D007BFC62 /* FeatureViewModelSpec.swift */,
				FE17A91119FDD83A007BFC62 /* PickupViewModelSpec.swift */,
				FEE87E301A0093DE004EBAE2 /* SummaryPartialViewModelSpec.swift */,
				FE17A90919FDD76D007BFC62 /* SummaryViewModelSpec.swift */,
			);
			path = ViewModels;
			sourceTree = "<group>";
		};
		FE17A90A19FDD76D007BFC62 /* Views */ = {
			isa = PBXGroup;
			children = (
			);
			path = Views;
			sourceTree = "<group>";
		};
		FE3835E619F67B7E001EFB6B /* App */ = {
			isa = PBXGroup;
			children = (
				FE3835E719F67B7E001EFB6B /* AppDelegate.swift */,
				FE38360819F8E35E001EFB6B /* Models */,
				FE38360419F8E2F8001EFB6B /* ViewModels */,
				FE3835E819F67B7E001EFB6B /* Controllers */,
				FE3835EF19F67B7E001EFB6B /* Views */,
			);
			path = App;
			sourceTree = "<group>";
		};
		FE3835E819F67B7E001EFB6B /* Controllers */ = {
			isa = PBXGroup;
			children = (
				FE3835E919F67B7E001EFB6B /* SummariesController.swift */,
			);
			path = Controllers;
			sourceTree = "<group>";
		};
		FE3835EF19F67B7E001EFB6B /* Views */ = {
			isa = PBXGroup;
			children = (
				FE3835F019F67B7E001EFB6B /* Summaries */,
			);
			path = Views;
			sourceTree = "<group>";
		};
		FE3835F019F67B7E001EFB6B /* Summaries */ = {
			isa = PBXGroup;
			children = (
				FE3835F119F67B7E001EFB6B /* SummaryCollectionViewCell.swift */,
				FE3835F219F67B7E001EFB6B /* SummaryCollectionViewCell.xib */,
				FE3835F319F67B7E001EFB6B /* SummaryFeaturesView.swift */,
				FE3835F419F67B7E001EFB6B /* SummaryFeaturesView.xib */,
				FE3835F519F67B7E001EFB6B /* SummaryFeaturesView1.xib */,
				FEE87E321A009555004EBAE2 /* SummaryPartialView.swift */,
			);
			path = Summaries;
			sourceTree = "<group>";
		};
		FE3835F619F67B7E001EFB6B /* Config */ = {
			isa = PBXGroup;
			children = (
				FE3835F719F67B7E001EFB6B /* CcltRoute.swift */,
			);
			path = Config;
			sourceTree = "<group>";
		};
		FE38360419F8E2F8001EFB6B /* ViewModels */ = {
			isa = PBXGroup;
			children = (
				FE38361819F8F67A001EFB6B /* CategoryViewModel.swift */,
				FE17A90119FDD5E7007BFC62 /* CuratorViewModel.swift */,
				FE17A8FE19FDD1B7007BFC62 /* FeatureViewModel.swift */,
				FEE87E381A03380E004EBAE2 /* MainPageViewModel.swift */,
				FE38362119F8F99F001EFB6B /* PickupViewModel.swift */,
				FEE87E211A0093CD004EBAE2 /* SummaryPartialViewModel.swift */,
				FE38360519F8E31D001EFB6B /* SummaryViewModel.swift */,
			);
			path = ViewModels;
			sourceTree = "<group>";
		};
		FE38360819F8E35E001EFB6B /* Models */ = {
			isa = PBXGroup;
			children = (
				FE38360919F8E35E001EFB6B /* Category.swift */,
				FE38360A19F8E35E001EFB6B /* Curator.swift */,
				FE38360B19F8E35E001EFB6B /* Feature.swift */,
				FE38361B19F8F74D001EFB6B /* Pickup.swift */,
				FE38360C19F8E35E001EFB6B /* Summary.swift */,
			);
			path = Models;
			sourceTree = "<group>";
		};
		FE3F356E19E616CD005A2166 = {
			isa = PBXGroup;
			children = (
				FE3F357919E616CD005A2166 /* cclt */,
				FE3F358F19E616CD005A2166 /* ccltTests */,
				FE3F357819E616CD005A2166 /* Products */,
			);
			sourceTree = "<group>";
		};
		FE3F357819E616CD005A2166 /* Products */ = {
			isa = PBXGroup;
			children = (
				FE3F357719E616CD005A2166 /* cclt.app */,
				FE3F358C19E616CD005A2166 /* ccltTests.xctest */,
			);
			name = Products;
			sourceTree = "<group>";
		};
		FE3F357919E616CD005A2166 /* cclt */ = {
			isa = PBXGroup;
			children = (
				FE3835E619F67B7E001EFB6B /* App */,
				FE3835F619F67B7E001EFB6B /* Config */,
				FE3F358019E616CD005A2166 /* Main.storyboard */,
				FE3F358319E616CD005A2166 /* Images.xcassets */,
				FE3F358519E616CD005A2166 /* LaunchScreen.xib */,
				FE3F357A19E616CD005A2166 /* Supporting Files */,
			);
			path = cclt;
			sourceTree = "<group>";
		};
		FE3F357A19E616CD005A2166 /* Supporting Files */ = {
			isa = PBXGroup;
			children = (
				FE9C876819F4C23C002C50BE /* swift-async */,
				FE9C875719F0C526002C50BE /* Haneke.xcodeproj */,
				FE08670519E7910E004AB167 /* Alamofire.xcodeproj */,
				FE08670E19E7911B004AB167 /* SwiftyJSON.xcodeproj */,
				FE3F357B19E616CD005A2166 /* Info.plist */,
			);
			name = "Supporting Files";
			sourceTree = "<group>";
		};
		FE3F358F19E616CD005A2166 /* ccltTests */ = {
			isa = PBXGroup;
			children = (
				FE17A90419FDD76D007BFC62 /* Controllers */,
				FE17A90519FDD76D007BFC62 /* Models */,
				FE17A90619FDD76D007BFC62 /* ViewModels */,
				FE17A90A19FDD76D007BFC62 /* Views */,
				FE3F359019E616CD005A2166 /* Supporting Files */,
			);
			path = ccltTests;
			sourceTree = "<group>";
		};
		FE3F359019E616CD005A2166 /* Supporting Files */ = {
			isa = PBXGroup;
			children = (
				FE9C86EB19ECFDF3002C50BE /* Quick.xcodeproj */,
				FE3F35BE19E661FD005A2166 /* Nimble.xcodeproj */,
				FE3F359119E616CD005A2166 /* Info.plist */,
			);
			name = "Supporting Files";
			sourceTree = "<group>";
		};
		FE3F35BF19E661FD005A2166 /* Products */ = {
			isa = PBXGroup;
			children = (
				FE3F35C619E661FD005A2166 /* Nimble.framework */,
				FE3F35C819E661FD005A2166 /* NimbleTests.xctest */,
				FE9C86F219ECFDF3002C50BE /* Nimble.framework */,
				FE9C86F419ECFDF3002C50BE /* Nimble-OSXTests.xctest */,
			);
			name = Products;
			sourceTree = "<group>";
		};
		FE9C86EC19ECFDF3002C50BE /* Products */ = {
			isa = PBXGroup;
			children = (
				FE9C86FA19ECFDF3002C50BE /* Quick.framework */,
				FE9C86FC19ECFDF3002C50BE /* QuickTests.xctest */,
				FE9C86FE19ECFDF3002C50BE /* Quick.framework */,
				FE9C870019ECFDF3002C50BE /* Quick-iOSTests.xctest */,
			);
			name = Products;
			sourceTree = "<group>";
		};
		FE9C875819F0C526002C50BE /* Products */ = {
			isa = PBXGroup;
			children = (
				FE9C875F19F0C526002C50BE /* Haneke.framework */,
				FE9C876119F0C526002C50BE /* HanekeTests.xctest */,
				FE9C876319F0C526002C50BE /* HanekeDemo.app */,
			);
			name = Products;
			sourceTree = "<group>";
		};
		FE9C876819F4C23C002C50BE /* swift-async */ = {
			isa = PBXGroup;
			children = (
				FE9C876919F4C24B002C50BE /* Async.h */,
				FE9C876A19F4C24B002C50BE /* Async.parallel.swift */,
				FE9C876B19F4C24B002C50BE /* Async.series.swift */,
				FE9C876C19F4C24B002C50BE /* Async.swift */,
			);
			name = "swift-async";
			sourceTree = "<group>";
		};
/* End PBXGroup section */

/* Begin PBXNativeTarget section */
		FE3F357619E616CD005A2166 /* cclt */ = {
			isa = PBXNativeTarget;
			buildConfigurationList = FE3F359619E616CD005A2166 /* Build configuration list for PBXNativeTarget "cclt" */;
			buildPhases = (
				FE3F357319E616CD005A2166 /* Sources */,
				FE3F357419E616CD005A2166 /* Frameworks */,
				FE3F357519E616CD005A2166 /* Resources */,
				FED0DE5119E785110014110F /* CopyFiles */,
			);
			buildRules = (
			);
			dependencies = (
				FE08671819E79124004AB167 /* PBXTargetDependency */,
			);
			name = cclt;
			productName = cclt;
			productReference = FE3F357719E616CD005A2166 /* cclt.app */;
			productType = "com.apple.product-type.application";
		};
		FE3F358B19E616CD005A2166 /* ccltTests */ = {
			isa = PBXNativeTarget;
			buildConfigurationList = FE3F359919E616CD005A2166 /* Build configuration list for PBXNativeTarget "ccltTests" */;
			buildPhases = (
				FE3F358819E616CD005A2166 /* Sources */,
				FE3F358919E616CD005A2166 /* Frameworks */,
				FE3F358A19E616CD005A2166 /* Resources */,
				FE9C870719ECFED2002C50BE /* CopyFiles */,
			);
			buildRules = (
			);
			dependencies = (
				FE9C870619ECFE9C002C50BE /* PBXTargetDependency */,
				FE9C870419ECFE96002C50BE /* PBXTargetDependency */,
				FE3F358E19E616CD005A2166 /* PBXTargetDependency */,
			);
			name = ccltTests;
			productName = ccltTests;
			productReference = FE3F358C19E616CD005A2166 /* ccltTests.xctest */;
			productType = "com.apple.product-type.bundle.unit-test";
		};
/* End PBXNativeTarget section */

/* Begin PBXProject section */
		FE3F356F19E616CD005A2166 /* Project object */ = {
			isa = PBXProject;
			attributes = {
				LastUpgradeCheck = 0600;
				ORGANIZATIONNAME = Donuts;
				TargetAttributes = {
					FE3F357619E616CD005A2166 = {
						CreatedOnToolsVersion = 6.0.1;
					};
					FE3F358B19E616CD005A2166 = {
						CreatedOnToolsVersion = 6.0.1;
						TestTargetID = FE3F357619E616CD005A2166;
					};
				};
			};
			buildConfigurationList = FE3F357219E616CD005A2166 /* Build configuration list for PBXProject "cclt" */;
			compatibilityVersion = "Xcode 3.2";
			developmentRegion = English;
			hasScannedForEncodings = 0;
			knownRegions = (
				en,
				Base,
			);
			mainGroup = FE3F356E19E616CD005A2166;
			productRefGroup = FE3F357819E616CD005A2166 /* Products */;
			projectDirPath = "";
			projectReferences = (
				{
					ProductGroup = FE08670619E7910E004AB167 /* Products */;
					ProjectRef = FE08670519E7910E004AB167 /* Alamofire.xcodeproj */;
				},
				{
					ProductGroup = FE9C875819F0C526002C50BE /* Products */;
					ProjectRef = FE9C875719F0C526002C50BE /* Haneke.xcodeproj */;
				},
				{
					ProductGroup = FE3F35BF19E661FD005A2166 /* Products */;
					ProjectRef = FE3F35BE19E661FD005A2166 /* Nimble.xcodeproj */;
				},
				{
					ProductGroup = FE9C86EC19ECFDF3002C50BE /* Products */;
					ProjectRef = FE9C86EB19ECFDF3002C50BE /* Quick.xcodeproj */;
				},
				{
					ProductGroup = FE08670F19E7911B004AB167 /* Products */;
					ProjectRef = FE08670E19E7911B004AB167 /* SwiftyJSON.xcodeproj */;
				},
			);
			projectRoot = "";
			targets = (
				FE3F357619E616CD005A2166 /* cclt */,
				FE3F358B19E616CD005A2166 /* ccltTests */,
			);
		};
/* End PBXProject section */

/* Begin PBXReferenceProxy section */
		FE08670B19E7910E004AB167 /* Alamofire.framework */ = {
			isa = PBXReferenceProxy;
			fileType = wrapper.framework;
			path = Alamofire.framework;
			remoteRef = FE08670A19E7910E004AB167 /* PBXContainerItemProxy */;
			sourceTree = BUILT_PRODUCTS_DIR;
		};
		FE08670D19E7910E004AB167 /* AlamofireTests.xctest */ = {
			isa = PBXReferenceProxy;
			fileType = wrapper.cfbundle;
			path = AlamofireTests.xctest;
			remoteRef = FE08670C19E7910E004AB167 /* PBXContainerItemProxy */;
			sourceTree = BUILT_PRODUCTS_DIR;
		};
		FE08671419E7911B004AB167 /* SwiftyJSON.framework */ = {
			isa = PBXReferenceProxy;
			fileType = wrapper.framework;
			path = SwiftyJSON.framework;
			remoteRef = FE08671319E7911B004AB167 /* PBXContainerItemProxy */;
			sourceTree = BUILT_PRODUCTS_DIR;
		};
		FE08671619E7911B004AB167 /* SwiftyJSONTests.xctest */ = {
			isa = PBXReferenceProxy;
			fileType = wrapper.cfbundle;
			path = SwiftyJSONTests.xctest;
			remoteRef = FE08671519E7911B004AB167 /* PBXContainerItemProxy */;
			sourceTree = BUILT_PRODUCTS_DIR;
		};
		FE3F35C619E661FD005A2166 /* Nimble.framework */ = {
			isa = PBXReferenceProxy;
			fileType = wrapper.framework;
			path = Nimble.framework;
			remoteRef = FE3F35C519E661FD005A2166 /* PBXContainerItemProxy */;
			sourceTree = BUILT_PRODUCTS_DIR;
		};
		FE3F35C819E661FD005A2166 /* NimbleTests.xctest */ = {
			isa = PBXReferenceProxy;
			fileType = wrapper.cfbundle;
			path = NimbleTests.xctest;
			remoteRef = FE3F35C719E661FD005A2166 /* PBXContainerItemProxy */;
			sourceTree = BUILT_PRODUCTS_DIR;
		};
		FE9C86F219ECFDF3002C50BE /* Nimble.framework */ = {
			isa = PBXReferenceProxy;
			fileType = wrapper.framework;
			path = Nimble.framework;
			remoteRef = FE9C86F119ECFDF3002C50BE /* PBXContainerItemProxy */;
			sourceTree = BUILT_PRODUCTS_DIR;
		};
		FE9C86F419ECFDF3002C50BE /* Nimble-OSXTests.xctest */ = {
			isa = PBXReferenceProxy;
			fileType = wrapper.cfbundle;
			path = "Nimble-OSXTests.xctest";
			remoteRef = FE9C86F319ECFDF3002C50BE /* PBXContainerItemProxy */;
			sourceTree = BUILT_PRODUCTS_DIR;
		};
		FE9C86FA19ECFDF3002C50BE /* Quick.framework */ = {
			isa = PBXReferenceProxy;
			fileType = wrapper.framework;
			path = Quick.framework;
			remoteRef = FE9C86F919ECFDF3002C50BE /* PBXContainerItemProxy */;
			sourceTree = BUILT_PRODUCTS_DIR;
		};
		FE9C86FC19ECFDF3002C50BE /* QuickTests.xctest */ = {
			isa = PBXReferenceProxy;
			fileType = wrapper.cfbundle;
			path = QuickTests.xctest;
			remoteRef = FE9C86FB19ECFDF3002C50BE /* PBXContainerItemProxy */;
			sourceTree = BUILT_PRODUCTS_DIR;
		};
		FE9C86FE19ECFDF3002C50BE /* Quick.framework */ = {
			isa = PBXReferenceProxy;
			fileType = wrapper.framework;
			path = Quick.framework;
			remoteRef = FE9C86FD19ECFDF3002C50BE /* PBXContainerItemProxy */;
			sourceTree = BUILT_PRODUCTS_DIR;
		};
		FE9C870019ECFDF3002C50BE /* Quick-iOSTests.xctest */ = {
			isa = PBXReferenceProxy;
			fileType = wrapper.cfbundle;
			path = "Quick-iOSTests.xctest";
			remoteRef = FE9C86FF19ECFDF3002C50BE /* PBXContainerItemProxy */;
			sourceTree = BUILT_PRODUCTS_DIR;
		};
		FE9C875F19F0C526002C50BE /* Haneke.framework */ = {
			isa = PBXReferenceProxy;
			fileType = wrapper.framework;
			path = Haneke.framework;
			remoteRef = FE9C875E19F0C526002C50BE /* PBXContainerItemProxy */;
			sourceTree = BUILT_PRODUCTS_DIR;
		};
		FE9C876119F0C526002C50BE /* HanekeTests.xctest */ = {
			isa = PBXReferenceProxy;
			fileType = wrapper.cfbundle;
			path = HanekeTests.xctest;
			remoteRef = FE9C876019F0C526002C50BE /* PBXContainerItemProxy */;
			sourceTree = BUILT_PRODUCTS_DIR;
		};
		FE9C876319F0C526002C50BE /* HanekeDemo.app */ = {
			isa = PBXReferenceProxy;
			fileType = wrapper.application;
			path = HanekeDemo.app;
			remoteRef = FE9C876219F0C526002C50BE /* PBXContainerItemProxy */;
			sourceTree = BUILT_PRODUCTS_DIR;
		};
/* End PBXReferenceProxy section */

/* Begin PBXResourcesBuildPhase section */
		FE3F357519E616CD005A2166 /* Resources */ = {
			isa = PBXResourcesBuildPhase;
			buildActionMask = 2147483647;
			files = (
				FE38360119F67B7E001EFB6B /* SummaryFeaturesView.xib in Resources */,
				FE3F358219E616CD005A2166 /* Main.storyboard in Resources */,
				FE3F358719E616CD005A2166 /* LaunchScreen.xib in Resources */,
				FE3F358419E616CD005A2166 /* Images.xcassets in Resources */,
				FE38360219F67B7E001EFB6B /* SummaryFeaturesView1.xib in Resources */,
				FE3835FF19F67B7E001EFB6B /* SummaryCollectionViewCell.xib in Resources */,
			);
			runOnlyForDeploymentPostprocessing = 0;
		};
		FE3F358A19E616CD005A2166 /* Resources */ = {
			isa = PBXResourcesBuildPhase;
			buildActionMask = 2147483647;
			files = (
			);
			runOnlyForDeploymentPostprocessing = 0;
		};
/* End PBXResourcesBuildPhase section */

/* Begin PBXSourcesBuildPhase section */
		FE3F357319E616CD005A2166 /* Sources */ = {
			isa = PBXSourcesBuildPhase;
			buildActionMask = 2147483647;
			files = (
				FE38361919F8F67A001EFB6B /* CategoryViewModel.swift in Sources */,
				FE3835F819F67B7E001EFB6B /* AppDelegate.swift in Sources */,
				FE38362219F8F99F001EFB6B /* PickupViewModel.swift in Sources */,
				FE3835FE19F67B7E001EFB6B /* SummaryCollectionViewCell.swift in Sources */,
				FE38361319F8E35E001EFB6B /* Summary.swift in Sources */,
				FE38360019F67B7E001EFB6B /* SummaryFeaturesView.swift in Sources */,
				FE38360D19F8E35E001EFB6B /* Category.swift in Sources */,
				FE17A8FF19FDD1B7007BFC62 /* FeatureViewModel.swift in Sources */,
				FE38360319F67B7E001EFB6B /* CcltRoute.swift in Sources */,
				FEE87E331A009555004EBAE2 /* SummaryPartialView.swift in Sources */,
				FE9C876E19F4C24B002C50BE /* Async.series.swift in Sources */,
				FEE87E391A03380E004EBAE2 /* MainPageViewModel.swift in Sources */,
				FE9C876F19F4C24B002C50BE /* Async.swift in Sources */,
				FE38361C19F8F74D001EFB6B /* Pickup.swift in Sources */,
				FE38360619F8E31E001EFB6B /* SummaryViewModel.swift in Sources */,
				FE17A90219FDD5E7007BFC62 /* CuratorViewModel.swift in Sources */,
				FE3835F919F67B7E001EFB6B /* SummariesController.swift in Sources */,
				FEE87E221A0093CD004EBAE2 /* SummaryPartialViewModel.swift in Sources */,
				FE38360F19F8E35E001EFB6B /* Curator.swift in Sources */,
				FE38361119F8E35E001EFB6B /* Feature.swift in Sources */,
				FE9C876D19F4C24B002C50BE /* Async.parallel.swift in Sources */,
			);
			runOnlyForDeploymentPostprocessing = 0;
		};
		FE3F358819E616CD005A2166 /* Sources */ = {
			isa = PBXSourcesBuildPhase;
			buildActionMask = 2147483647;
			files = (
				FE9C877119F4E35E002C50BE /* Async.series.swift in Sources */,
				FE17A91019FDD76D007BFC62 /* SummaryViewModelSpec.swift in Sources */,
				FE17A91219FDD83A007BFC62 /* PickupViewModelSpec.swift in Sources */,
				FE17A90019FDD1B8007BFC62 /* FeatureViewModel.swift in Sources */,
				FE17A8EE19FA2B49007BFC62 /* CcltRoute.swift in Sources */,
				FE17A91419FDDB9C007BFC62 /* CuratorViewModelSpec.swift in Sources */,
				FEE87E3A1A03380E004EBAE2 /* MainPageViewModel.swift in Sources */,
				FE9C877219F4E35E002C50BE /* Async.swift in Sources */,
				FEE87E231A0093CD004EBAE2 /* SummaryPartialViewModel.swift in Sources */,
				FE38361D19F8F74D001EFB6B /* Pickup.swift in Sources */,
				FE17A90C19FDD76D007BFC62 /* CategoryViewModelSpec.swift in Sources */,
				FEE87E311A0093DE004EBAE2 /* SummaryPartialViewModelSpec.swift in Sources */,
				FE38361019F8E35E001EFB6B /* Curator.swift in Sources */,
				FE38361A19F8F67A001EFB6B /* CategoryViewModel.swift in Sources */,
				FEE87E341A009555004EBAE2 /* SummaryPartialView.swift in Sources */,
				FE17A90E19FDD76D007BFC62 /* FeatureViewModelSpec.swift in Sources */,
				FE38360719F8E31E001EFB6B /* SummaryViewModel.swift in Sources */,
				FE38361419F8E35E001EFB6B /* Summary.swift in Sources */,
				FE38360E19F8E35E001EFB6B /* Category.swift in Sources */,
				FE17A90319FDD5E7007BFC62 /* CuratorViewModel.swift in Sources */,
				FE38361219F8E35E001EFB6B /* Feature.swift in Sources */,
				FE9C877019F4E35E002C50BE /* Async.parallel.swift in Sources */,
				FE38362319F8F99F001EFB6B /* PickupViewModel.swift in Sources */,
			);
			runOnlyForDeploymentPostprocessing = 0;
		};
/* End PBXSourcesBuildPhase section */

/* Begin PBXTargetDependency section */
		FE08671819E79124004AB167 /* PBXTargetDependency */ = {
			isa = PBXTargetDependency;
			name = Alamofire;
			targetProxy = FE08671719E79124004AB167 /* PBXContainerItemProxy */;
		};
		FE3F358E19E616CD005A2166 /* PBXTargetDependency */ = {
			isa = PBXTargetDependency;
			target = FE3F357619E616CD005A2166 /* cclt */;
			targetProxy = FE3F358D19E616CD005A2166 /* PBXContainerItemProxy */;
		};
		FE9C870419ECFE96002C50BE /* PBXTargetDependency */ = {
			isa = PBXTargetDependency;
			name = "Quick-iOS";
			targetProxy = FE9C870319ECFE96002C50BE /* PBXContainerItemProxy */;
		};
		FE9C870619ECFE9C002C50BE /* PBXTargetDependency */ = {
			isa = PBXTargetDependency;
			name = "Nimble-iOS";
			targetProxy = FE9C870519ECFE9C002C50BE /* PBXContainerItemProxy */;
		};
/* End PBXTargetDependency section */

/* Begin PBXVariantGroup section */
		FE3F358019E616CD005A2166 /* Main.storyboard */ = {
			isa = PBXVariantGroup;
			children = (
				FE3F358119E616CD005A2166 /* Base */,
			);
			name = Main.storyboard;
			sourceTree = "<group>";
		};
		FE3F358519E616CD005A2166 /* LaunchScreen.xib */ = {
			isa = PBXVariantGroup;
			children = (
				FE3F358619E616CD005A2166 /* Base */,
			);
			name = LaunchScreen.xib;
			sourceTree = "<group>";
		};
/* End PBXVariantGroup section */

/* Begin XCBuildConfiguration section */
		FE3F359419E616CD005A2166 /* Debug */ = {
			isa = XCBuildConfiguration;
			buildSettings = {
				ALWAYS_SEARCH_USER_PATHS = NO;
				CLANG_CXX_LANGUAGE_STANDARD = "gnu++0x";
				CLANG_CXX_LIBRARY = "libc++";
				CLANG_ENABLE_MODULES = YES;
				CLANG_ENABLE_OBJC_ARC = YES;
				CLANG_WARN_BOOL_CONVERSION = YES;
				CLANG_WARN_CONSTANT_CONVERSION = YES;
				CLANG_WARN_DIRECT_OBJC_ISA_USAGE = YES_ERROR;
				CLANG_WARN_EMPTY_BODY = YES;
				CLANG_WARN_ENUM_CONVERSION = YES;
				CLANG_WARN_INT_CONVERSION = YES;
				CLANG_WARN_OBJC_ROOT_CLASS = YES_ERROR;
				CLANG_WARN_UNREACHABLE_CODE = YES;
				CLANG_WARN__DUPLICATE_METHOD_MATCH = YES;
				"CODE_SIGN_IDENTITY[sdk=iphoneos*]" = "iPhone Developer";
				COPY_PHASE_STRIP = NO;
				ENABLE_STRICT_OBJC_MSGSEND = YES;
				GCC_C_LANGUAGE_STANDARD = gnu99;
				GCC_DYNAMIC_NO_PIC = NO;
				GCC_OPTIMIZATION_LEVEL = 0;
				GCC_PREPROCESSOR_DEFINITIONS = (
					"DEBUG=1",
					"$(inherited)",
				);
				GCC_SYMBOLS_PRIVATE_EXTERN = NO;
				GCC_WARN_64_TO_32_BIT_CONVERSION = YES;
				GCC_WARN_ABOUT_RETURN_TYPE = YES_ERROR;
				GCC_WARN_UNDECLARED_SELECTOR = YES;
				GCC_WARN_UNINITIALIZED_AUTOS = YES_AGGRESSIVE;
				GCC_WARN_UNUSED_FUNCTION = YES;
				GCC_WARN_UNUSED_VARIABLE = YES;
				IPHONEOS_DEPLOYMENT_TARGET = 8.0;
				LD_RUNPATH_SEARCH_PATHS = "@executable_path/Frameworks";
				MTL_ENABLE_DEBUG_INFO = YES;
				ONLY_ACTIVE_ARCH = YES;
				SDKROOT = iphoneos;
				SWIFT_OPTIMIZATION_LEVEL = "-Onone";
				TARGETED_DEVICE_FAMILY = "1,2";
			};
			name = Debug;
		};
		FE3F359519E616CD005A2166 /* Release */ = {
			isa = XCBuildConfiguration;
			buildSettings = {
				ALWAYS_SEARCH_USER_PATHS = NO;
				CLANG_CXX_LANGUAGE_STANDARD = "gnu++0x";
				CLANG_CXX_LIBRARY = "libc++";
				CLANG_ENABLE_MODULES = YES;
				CLANG_ENABLE_OBJC_ARC = YES;
				CLANG_WARN_BOOL_CONVERSION = YES;
				CLANG_WARN_CONSTANT_CONVERSION = YES;
				CLANG_WARN_DIRECT_OBJC_ISA_USAGE = YES_ERROR;
				CLANG_WARN_EMPTY_BODY = YES;
				CLANG_WARN_ENUM_CONVERSION = YES;
				CLANG_WARN_INT_CONVERSION = YES;
				CLANG_WARN_OBJC_ROOT_CLASS = YES_ERROR;
				CLANG_WARN_UNREACHABLE_CODE = YES;
				CLANG_WARN__DUPLICATE_METHOD_MATCH = YES;
				"CODE_SIGN_IDENTITY[sdk=iphoneos*]" = "iPhone Developer";
				COPY_PHASE_STRIP = YES;
				ENABLE_NS_ASSERTIONS = NO;
				ENABLE_STRICT_OBJC_MSGSEND = YES;
				GCC_C_LANGUAGE_STANDARD = gnu99;
				GCC_WARN_64_TO_32_BIT_CONVERSION = YES;
				GCC_WARN_ABOUT_RETURN_TYPE = YES_ERROR;
				GCC_WARN_UNDECLARED_SELECTOR = YES;
				GCC_WARN_UNINITIALIZED_AUTOS = YES_AGGRESSIVE;
				GCC_WARN_UNUSED_FUNCTION = YES;
				GCC_WARN_UNUSED_VARIABLE = YES;
				IPHONEOS_DEPLOYMENT_TARGET = 8.0;
				LD_RUNPATH_SEARCH_PATHS = "@executable_path/Frameworks";
				MTL_ENABLE_DEBUG_INFO = NO;
				SDKROOT = iphoneos;
				TARGETED_DEVICE_FAMILY = "1,2";
				VALIDATE_PRODUCT = YES;
			};
			name = Release;
		};
		FE3F359719E616CD005A2166 /* Debug */ = {
			isa = XCBuildConfiguration;
			buildSettings = {
				ASSETCATALOG_COMPILER_APPICON_NAME = AppIcon;
				EMBEDDED_CONTENT_CONTAINS_SWIFT = YES;
				INFOPLIST_FILE = cclt/Info.plist;
				LD_RUNPATH_SEARCH_PATHS = "$(inherited) @executable_path/Frameworks";
				PRODUCT_NAME = "$(TARGET_NAME)";
			};
			name = Debug;
		};
		FE3F359819E616CD005A2166 /* Release */ = {
			isa = XCBuildConfiguration;
			buildSettings = {
				ASSETCATALOG_COMPILER_APPICON_NAME = AppIcon;
				EMBEDDED_CONTENT_CONTAINS_SWIFT = YES;
				INFOPLIST_FILE = cclt/Info.plist;
				LD_RUNPATH_SEARCH_PATHS = "$(inherited) @executable_path/Frameworks";
				PRODUCT_NAME = "$(TARGET_NAME)";
			};
			name = Release;
		};
		FE3F359A19E616CD005A2166 /* Debug */ = {
			isa = XCBuildConfiguration;
			buildSettings = {
				BUNDLE_LOADER = "$(TEST_HOST)";
				FRAMEWORK_SEARCH_PATHS = (
					"$(SDKROOT)/Developer/Library/Frameworks",
					"$(inherited)",
					"$(PROJECT_DIR)/Vendor/Quick/Externals/Nimble/build/Debug-iphoneos",
				);
				GCC_PREPROCESSOR_DEFINITIONS = (
					"DEBUG=1",
					"$(inherited)",
				);
				INFOPLIST_FILE = ccltTests/Info.plist;
				LD_RUNPATH_SEARCH_PATHS = "$(inherited) @executable_path/Frameworks @loader_path/Frameworks";
				PRODUCT_NAME = "$(TARGET_NAME)";
				TEST_HOST = "$(BUILT_PRODUCTS_DIR)/cclt.app/cclt";
			};
			name = Debug;
		};
		FE3F359B19E616CD005A2166 /* Release */ = {
			isa = XCBuildConfiguration;
			buildSettings = {
				BUNDLE_LOADER = "$(TEST_HOST)";
				FRAMEWORK_SEARCH_PATHS = (
					"$(SDKROOT)/Developer/Library/Frameworks",
					"$(inherited)",
					"$(PROJECT_DIR)/Vendor/Quick/Externals/Nimble/build/Debug-iphoneos",
				);
				INFOPLIST_FILE = ccltTests/Info.plist;
				LD_RUNPATH_SEARCH_PATHS = "$(inherited) @executable_path/Frameworks @loader_path/Frameworks";
				PRODUCT_NAME = "$(TARGET_NAME)";
				TEST_HOST = "$(BUILT_PRODUCTS_DIR)/cclt.app/cclt";
			};
			name = Release;
		};
/* End XCBuildConfiguration section */

/* Begin XCConfigurationList section */
		FE3F357219E616CD005A2166 /* Build configuration list for PBXProject "cclt" */ = {
			isa = XCConfigurationList;
			buildConfigurations = (
				FE3F359419E616CD005A2166 /* Debug */,
				FE3F359519E616CD005A2166 /* Release */,
			);
			defaultConfigurationIsVisible = 0;
			defaultConfigurationName = Release;
		};
		FE3F359619E616CD005A2166 /* Build configuration list for PBXNativeTarget "cclt" */ = {
			isa = XCConfigurationList;
			buildConfigurations = (
				FE3F359719E616CD005A2166 /* Debug */,
				FE3F359819E616CD005A2166 /* Release */,
			);
			defaultConfigurationIsVisible = 0;
			defaultConfigurationName = Release;
		};
		FE3F359919E616CD005A2166 /* Build configuration list for PBXNativeTarget "ccltTests" */ = {
			isa = XCConfigurationList;
			buildConfigurations = (
				FE3F359A19E616CD005A2166 /* Debug */,
				FE3F359B19E616CD005A2166 /* Release */,
			);
			defaultConfigurationIsVisible = 0;
			defaultConfigurationName = Release;
		};
/* End XCConfigurationList section */
	};
	rootObject = FE3F356F19E616CD005A2166 /* Project object */;
}
