// !$*UTF8*$!
{
	archiveVersion = 1;
	classes = {
	};
	objectVersion = 46;
	objects = {

/* Begin PBXBuildFile section */
		973B0A1619EB847200B744AE /* CcltRoute.swift in Sources */ = {isa = PBXBuildFile; fileRef = FE3F35EF19E66ACA005A2166 /* CcltRoute.swift */; };
		FE08671919E79127004AB167 /* Alamofire.framework in Frameworks */ = {isa = PBXBuildFile; fileRef = FE08670B19E7910E004AB167 /* Alamofire.framework */; };
		FE08671A19E79132004AB167 /* Alamofire.framework in CopyFiles */ = {isa = PBXBuildFile; fileRef = FE08670B19E7910E004AB167 /* Alamofire.framework */; settings = {ATTRIBUTES = (CodeSignOnCopy, RemoveHeadersOnCopy, ); }; };
		FE08671B19E79166004AB167 /* SwiftyJSON.framework in CopyFiles */ = {isa = PBXBuildFile; fileRef = FE08671419E7911B004AB167 /* SwiftyJSON.framework */; settings = {ATTRIBUTES = (CodeSignOnCopy, RemoveHeadersOnCopy, ); }; };
		FE3F358219E616CD005A2166 /* Main.storyboard in Resources */ = {isa = PBXBuildFile; fileRef = FE3F358019E616CD005A2166 /* Main.storyboard */; };
		FE3F358419E616CD005A2166 /* Images.xcassets in Resources */ = {isa = PBXBuildFile; fileRef = FE3F358319E616CD005A2166 /* Images.xcassets */; };
		FE3F358719E616CD005A2166 /* LaunchScreen.xib in Resources */ = {isa = PBXBuildFile; fileRef = FE3F358519E616CD005A2166 /* LaunchScreen.xib */; };
		FE3F359319E616CD005A2166 /* ccltTests.swift in Sources */ = {isa = PBXBuildFile; fileRef = FE3F359219E616CD005A2166 /* ccltTests.swift */; };
		FE3F35E919E6649D005A2166 /* AppDelegate.swift in Sources */ = {isa = PBXBuildFile; fileRef = FE3F35E519E6649D005A2166 /* AppDelegate.swift */; };
		FE3F35EA19E6649D005A2166 /* ViewController.swift in Sources */ = {isa = PBXBuildFile; fileRef = FE3F35E719E6649D005A2166 /* ViewController.swift */; };
		FE3F35ED19E664F7005A2166 /* Summary.swift in Sources */ = {isa = PBXBuildFile; fileRef = FE3F35EC19E664F7005A2166 /* Summary.swift */; };
		FE3F35F019E66ACA005A2166 /* CcltRoute.swift in Sources */ = {isa = PBXBuildFile; fileRef = FE3F35EF19E66ACA005A2166 /* CcltRoute.swift */; };
/* End PBXBuildFile section */

/* Begin PBXContainerItemProxy section */
		973B0A1B19EB847200B744AE /* PBXContainerItemProxy */ = {
			isa = PBXContainerItemProxy;
			containerPortal = FE3F35BE19E661FD005A2166 /* Nimble.xcodeproj */;
			proxyType = 2;
			remoteGlobalIDString = 1F925EAD195C0D6300ED456B;
			remoteInfo = "Nimble-OSX";
		};
		973B0A1D19EB847200B744AE /* PBXContainerItemProxy */ = {
			isa = PBXContainerItemProxy;
			containerPortal = FE3F35BE19E661FD005A2166 /* Nimble.xcodeproj */;
			proxyType = 2;
			remoteGlobalIDString = 1F925EB7195C0D6300ED456B;
			remoteInfo = "Nimble-OSXTests";
		};
		FE08670A19E7910E004AB167 /* PBXContainerItemProxy */ = {
			isa = PBXContainerItemProxy;
			containerPortal = FE08670519E7910E004AB167 /* Alamofire.xcodeproj */;
			proxyType = 2;
			remoteGlobalIDString = F8111E3319A95C8B0040E7D1;
			remoteInfo = Alamofire;
		};
		FE08670C19E7910E004AB167 /* PBXContainerItemProxy */ = {
			isa = PBXContainerItemProxy;
			containerPortal = FE08670519E7910E004AB167 /* Alamofire.xcodeproj */;
			proxyType = 2;
			remoteGlobalIDString = F8111E3E19A95C8B0040E7D1;
			remoteInfo = AlamofireTests;
		};
		FE08671319E7911B004AB167 /* PBXContainerItemProxy */ = {
			isa = PBXContainerItemProxy;
			containerPortal = FE08670E19E7911B004AB167 /* SwiftyJSON.xcodeproj */;
			proxyType = 2;
			remoteGlobalIDString = 2E4FEFDB19575BE100351305;
			remoteInfo = SwiftyJSON;
		};
		FE08671519E7911B004AB167 /* PBXContainerItemProxy */ = {
			isa = PBXContainerItemProxy;
			containerPortal = FE08670E19E7911B004AB167 /* SwiftyJSON.xcodeproj */;
			proxyType = 2;
			remoteGlobalIDString = 2E4FEFE619575BE100351305;
			remoteInfo = SwiftyJSONTests;
		};
		FE08671719E79124004AB167 /* PBXContainerItemProxy */ = {
			isa = PBXContainerItemProxy;
			containerPortal = FE08670519E7910E004AB167 /* Alamofire.xcodeproj */;
			proxyType = 1;
			remoteGlobalIDString = F8111E3219A95C8B0040E7D1;
			remoteInfo = Alamofire;
		};
		FE3F358D19E616CD005A2166 /* PBXContainerItemProxy */ = {
			isa = PBXContainerItemProxy;
			containerPortal = FE3F356F19E616CD005A2166 /* Project object */;
			proxyType = 1;
			remoteGlobalIDString = FE3F357619E616CD005A2166;
			remoteInfo = cclt;
		};
		FE3F35A419E6610C005A2166 /* PBXContainerItemProxy */ = {
			isa = PBXContainerItemProxy;
			containerPortal = FE3F359C19E6610B005A2166 /* Quick.xcodeproj */;
			proxyType = 2;
			remoteGlobalIDString = DAEB6B8E1943873100289F44;
			remoteInfo = Quick;
		};
		FE3F35A619E6610C005A2166 /* PBXContainerItemProxy */ = {
			isa = PBXContainerItemProxy;
			containerPortal = FE3F359C19E6610B005A2166 /* Quick.xcodeproj */;
			proxyType = 2;
			remoteGlobalIDString = DAEB6B991943873100289F44;
			remoteInfo = QuickTests;
		};
		FE3F35A819E6610C005A2166 /* PBXContainerItemProxy */ = {
			isa = PBXContainerItemProxy;
			containerPortal = FE3F359C19E6610B005A2166 /* Quick.xcodeproj */;
			proxyType = 2;
			remoteGlobalIDString = 5A5D117C19473F2100F6D13D;
			remoteInfo = "Quick-iOS";
		};
		FE3F35AA19E6610C005A2166 /* PBXContainerItemProxy */ = {
			isa = PBXContainerItemProxy;
			containerPortal = FE3F359C19E6610B005A2166 /* Quick.xcodeproj */;
			proxyType = 2;
			remoteGlobalIDString = 5A5D118619473F2100F6D13D;
			remoteInfo = "Quick-iOSTests";
		};
		FE3F35C519E661FD005A2166 /* PBXContainerItemProxy */ = {
			isa = PBXContainerItemProxy;
			containerPortal = FE3F35BE19E661FD005A2166 /* Nimble.xcodeproj */;
			proxyType = 2;
			remoteGlobalIDString = 1F1A74291940169200FFFC47;
			remoteInfo = "Nimble-iOS";
		};
		FE3F35C719E661FD005A2166 /* PBXContainerItemProxy */ = {
			isa = PBXContainerItemProxy;
			containerPortal = FE3F35BE19E661FD005A2166 /* Nimble.xcodeproj */;
			proxyType = 2;
			remoteGlobalIDString = 1F1A74341940169200FFFC47;
			remoteInfo = "Nimble-iOSTests";
		};
		FECCC2AE19E77DE1005C039B /* PBXContainerItemProxy */ = {
			isa = PBXContainerItemProxy;
			containerPortal = FE3F359C19E6610B005A2166 /* Quick.xcodeproj */;
			proxyType = 1;
			remoteGlobalIDString = 5A5D117B19473F2100F6D13D;
			remoteInfo = "Quick-iOS";
		};
		FECCC2B019E77DE1005C039B /* PBXContainerItemProxy */ = {
			isa = PBXContainerItemProxy;
			containerPortal = FE3F35BE19E661FD005A2166 /* Nimble.xcodeproj */;
			proxyType = 1;
			remoteGlobalIDString = 1F1A74281940169200FFFC47;
			remoteInfo = "Nimble-iOS";
		};
/* End PBXContainerItemProxy section */

/* Begin PBXCopyFilesBuildPhase section */
		FED0DE5119E785110014110F /* CopyFiles */ = {
			isa = PBXCopyFilesBuildPhase;
			buildActionMask = 2147483647;
			dstPath = "";
			dstSubfolderSpec = 10;
			files = (
				FE08671B19E79166004AB167 /* SwiftyJSON.framework in CopyFiles */,
				FE08671A19E79132004AB167 /* Alamofire.framework in CopyFiles */,
			);
			runOnlyForDeploymentPostprocessing = 0;
		};
/* End PBXCopyFilesBuildPhase section */

/* Begin PBXFileReference section */
		FE08670519E7910E004AB167 /* Alamofire.xcodeproj */ = {isa = PBXFileReference; lastKnownFileType = "wrapper.pb-project"; name = Alamofire.xcodeproj; path = Vendor/Alamofire/Alamofire.xcodeproj; sourceTree = SOURCE_ROOT; };
		FE08670E19E7911B004AB167 /* SwiftyJSON.xcodeproj */ = {isa = PBXFileReference; lastKnownFileType = "wrapper.pb-project"; name = SwiftyJSON.xcodeproj; path = Vendor/SwiftyJSON/SwiftyJSON.xcodeproj; sourceTree = SOURCE_ROOT; };
		FE3F357719E616CD005A2166 /* cclt.app */ = {isa = PBXFileReference; explicitFileType = wrapper.application; includeInIndex = 0; path = cclt.app; sourceTree = BUILT_PRODUCTS_DIR; };
		FE3F357B19E616CD005A2166 /* Info.plist */ = {isa = PBXFileReference; lastKnownFileType = text.plist.xml; path = Info.plist; sourceTree = "<group>"; };
		FE3F358119E616CD005A2166 /* Base */ = {isa = PBXFileReference; lastKnownFileType = file.storyboard; name = Base; path = Base.lproj/Main.storyboard; sourceTree = "<group>"; };
		FE3F358319E616CD005A2166 /* Images.xcassets */ = {isa = PBXFileReference; lastKnownFileType = folder.assetcatalog; path = Images.xcassets; sourceTree = "<group>"; };
		FE3F358619E616CD005A2166 /* Base */ = {isa = PBXFileReference; lastKnownFileType = file.xib; name = Base; path = Base.lproj/LaunchScreen.xib; sourceTree = "<group>"; };
		FE3F358C19E616CD005A2166 /* ccltTests.xctest */ = {isa = PBXFileReference; explicitFileType = wrapper.cfbundle; includeInIndex = 0; path = ccltTests.xctest; sourceTree = BUILT_PRODUCTS_DIR; };
		FE3F359119E616CD005A2166 /* Info.plist */ = {isa = PBXFileReference; lastKnownFileType = text.plist.xml; path = Info.plist; sourceTree = "<group>"; };
		FE3F359219E616CD005A2166 /* ccltTests.swift */ = {isa = PBXFileReference; lastKnownFileType = sourcecode.swift; path = ccltTests.swift; sourceTree = "<group>"; };
		FE3F359C19E6610B005A2166 /* Quick.xcodeproj */ = {isa = PBXFileReference; lastKnownFileType = "wrapper.pb-project"; name = Quick.xcodeproj; path = Vendor/Quick/Quick/Quick.xcodeproj; sourceTree = SOURCE_ROOT; };
		FE3F35BE19E661FD005A2166 /* Nimble.xcodeproj */ = {isa = PBXFileReference; lastKnownFileType = "wrapper.pb-project"; name = Nimble.xcodeproj; path = Vendor/Quick/Externals/Nimble/Nimble.xcodeproj; sourceTree = SOURCE_ROOT; };
		FE3F35E519E6649D005A2166 /* AppDelegate.swift */ = {isa = PBXFileReference; fileEncoding = 4; lastKnownFileType = sourcecode.swift; path = AppDelegate.swift; sourceTree = "<group>"; };
		FE3F35E719E6649D005A2166 /* ViewController.swift */ = {isa = PBXFileReference; fileEncoding = 4; lastKnownFileType = sourcecode.swift; path = ViewController.swift; sourceTree = "<group>"; };
		FE3F35EC19E664F7005A2166 /* Summary.swift */ = {isa = PBXFileReference; fileEncoding = 4; lastKnownFileType = sourcecode.swift; path = Summary.swift; sourceTree = "<group>"; };
		FE3F35EF19E66ACA005A2166 /* CcltRoute.swift */ = {isa = PBXFileReference; fileEncoding = 4; lastKnownFileType = sourcecode.swift; path = CcltRoute.swift; sourceTree = "<group>"; };
/* End PBXFileReference section */

/* Begin PBXFrameworksBuildPhase section */
		FE3F357419E616CD005A2166 /* Frameworks */ = {
			isa = PBXFrameworksBuildPhase;
			buildActionMask = 2147483647;
			files = (
				FE08671919E79127004AB167 /* Alamofire.framework in Frameworks */,
			);
			runOnlyForDeploymentPostprocessing = 0;
		};
		FE3F358919E616CD005A2166 /* Frameworks */ = {
			isa = PBXFrameworksBuildPhase;
			buildActionMask = 2147483647;
			files = (
			);
			runOnlyForDeploymentPostprocessing = 0;
		};
/* End PBXFrameworksBuildPhase section */

/* Begin PBXGroup section */
		FE08670619E7910E004AB167 /* Products */ = {
			isa = PBXGroup;
			children = (
				FE08670B19E7910E004AB167 /* Alamofire.framework */,
				FE08670D19E7910E004AB167 /* AlamofireTests.xctest */,
			);
			name = Products;
			sourceTree = "<group>";
		};
		FE08670F19E7911B004AB167 /* Products */ = {
			isa = PBXGroup;
			children = (
				FE08671419E7911B004AB167 /* SwiftyJSON.framework */,
				FE08671619E7911B004AB167 /* SwiftyJSONTests.xctest */,
			);
			name = Products;
			sourceTree = "<group>";
		};
		FE3F356E19E616CD005A2166 = {
			isa = PBXGroup;
			children = (
				FE3F357919E616CD005A2166 /* cclt */,
				FE3F358F19E616CD005A2166 /* ccltTests */,
				FE3F357819E616CD005A2166 /* Products */,
			);
			sourceTree = "<group>";
		};
		FE3F357819E616CD005A2166 /* Products */ = {
			isa = PBXGroup;
			children = (
				FE3F357719E616CD005A2166 /* cclt.app */,
				FE3F358C19E616CD005A2166 /* ccltTests.xctest */,
			);
			name = Products;
			sourceTree = "<group>";
		};
		FE3F357919E616CD005A2166 /* cclt */ = {
			isa = PBXGroup;
			children = (
				FE3F35E419E6649D005A2166 /* app */,
				FE3F35EE19E66994005A2166 /* config */,
				FE3F358019E616CD005A2166 /* Main.storyboard */,
				FE3F358319E616CD005A2166 /* Images.xcassets */,
				FE3F358519E616CD005A2166 /* LaunchScreen.xib */,
				FE3F357A19E616CD005A2166 /* Supporting Files */,
			);
			path = cclt;
			sourceTree = "<group>";
		};
		FE3F357A19E616CD005A2166 /* Supporting Files */ = {
			isa = PBXGroup;
			children = (
				FE08670519E7910E004AB167 /* Alamofire.xcodeproj */,
				FE08670E19E7911B004AB167 /* SwiftyJSON.xcodeproj */,
				FE3F357B19E616CD005A2166 /* Info.plist */,
			);
			name = "Supporting Files";
			sourceTree = "<group>";
		};
		FE3F358F19E616CD005A2166 /* ccltTests */ = {
			isa = PBXGroup;
			children = (
				FE3F359C19E6610B005A2166 /* Quick.xcodeproj */,
				FE3F35BE19E661FD005A2166 /* Nimble.xcodeproj */,
				FE3F359219E616CD005A2166 /* ccltTests.swift */,
				FE3F359019E616CD005A2166 /* Supporting Files */,
			);
			path = ccltTests;
			sourceTree = "<group>";
		};
		FE3F359019E616CD005A2166 /* Supporting Files */ = {
			isa = PBXGroup;
			children = (
				FE3F359119E616CD005A2166 /* Info.plist */,
			);
			name = "Supporting Files";
			sourceTree = "<group>";
		};
		FE3F359D19E6610B005A2166 /* Products */ = {
			isa = PBXGroup;
			children = (
				FE3F35A519E6610C005A2166 /* Quick.framework */,
				FE3F35A719E6610C005A2166 /* QuickTests.xctest */,
				FE3F35A919E6610C005A2166 /* Quick.framework */,
				FE3F35AB19E6610C005A2166 /* Quick-iOSTests.xctest */,
			);
			name = Products;
			sourceTree = "<group>";
		};
		FE3F35BF19E661FD005A2166 /* Products */ = {
			isa = PBXGroup;
			children = (
				FE3F35C619E661FD005A2166 /* Nimble.framework */,
				FE3F35C819E661FD005A2166 /* NimbleTests.xctest */,
				973B0A1C19EB847200B744AE /* Nimble.framework */,
				973B0A1E19EB847200B744AE /* Nimble-OSXTests.xctest */,
			);
			name = Products;
			sourceTree = "<group>";
		};
		FE3F35E419E6649D005A2166 /* app */ = {
			isa = PBXGroup;
			children = (
				FE3F35E519E6649D005A2166 /* AppDelegate.swift */,
				FE3F35E819E6649D005A2166 /* models */,
				FE3F35E619E6649D005A2166 /* controllers */,
			);
			path = app;
			sourceTree = "<group>";
		};
		FE3F35E619E6649D005A2166 /* controllers */ = {
			isa = PBXGroup;
			children = (
				FE3F35E719E6649D005A2166 /* ViewController.swift */,
			);
			path = controllers;
			sourceTree = "<group>";
		};
		FE3F35E819E6649D005A2166 /* models */ = {
			isa = PBXGroup;
			children = (
				FE3F35EC19E664F7005A2166 /* Summary.swift */,
			);
			path = models;
			sourceTree = "<group>";
		};
		FE3F35EE19E66994005A2166 /* config */ = {
			isa = PBXGroup;
			children = (
				FE3F35EF19E66ACA005A2166 /* CcltRoute.swift */,
			);
			path = config;
			sourceTree = "<group>";
		};
/* End PBXGroup section */

/* Begin PBXNativeTarget section */
		FE3F357619E616CD005A2166 /* cclt */ = {
			isa = PBXNativeTarget;
			buildConfigurationList = FE3F359619E616CD005A2166 /* Build configuration list for PBXNativeTarget "cclt" */;
			buildPhases = (
				FE3F357319E616CD005A2166 /* Sources */,
				FE3F357419E616CD005A2166 /* Frameworks */,
				FE3F357519E616CD005A2166 /* Resources */,
				FED0DE5119E785110014110F /* CopyFiles */,
			);
			buildRules = (
			);
			dependencies = (
				FE08671819E79124004AB167 /* PBXTargetDependency */,
			);
			name = cclt;
			productName = cclt;
			productReference = FE3F357719E616CD005A2166 /* cclt.app */;
			productType = "com.apple.product-type.application";
		};
		FE3F358B19E616CD005A2166 /* ccltTests */ = {
			isa = PBXNativeTarget;
			buildConfigurationList = FE3F359919E616CD005A2166 /* Build configuration list for PBXNativeTarget "ccltTests" */;
			buildPhases = (
				FE3F358819E616CD005A2166 /* Sources */,
				FE3F358919E616CD005A2166 /* Frameworks */,
				FE3F358A19E616CD005A2166 /* Resources */,
			);
			buildRules = (
			);
			dependencies = (
				FECCC2AF19E77DE1005C039B /* PBXTargetDependency */,
				FECCC2B119E77DE1005C039B /* PBXTargetDependency */,
				FE3F358E19E616CD005A2166 /* PBXTargetDependency */,
			);
			name = ccltTests;
			productName = ccltTests;
			productReference = FE3F358C19E616CD005A2166 /* ccltTests.xctest */;
			productType = "com.apple.product-type.bundle.unit-test";
		};
/* End PBXNativeTarget section */

/* Begin PBXProject section */
		FE3F356F19E616CD005A2166 /* Project object */ = {
			isa = PBXProject;
			attributes = {
				LastUpgradeCheck = 0600;
				ORGANIZATIONNAME = Donuts;
				TargetAttributes = {
					FE3F357619E616CD005A2166 = {
						CreatedOnToolsVersion = 6.0.1;
					};
					FE3F358B19E616CD005A2166 = {
						CreatedOnToolsVersion = 6.0.1;
						TestTargetID = FE3F357619E616CD005A2166;
					};
				};
			};
			buildConfigurationList = FE3F357219E616CD005A2166 /* Build configuration list for PBXProject "cclt" */;
			compatibilityVersion = "Xcode 3.2";
			developmentRegion = English;
			hasScannedForEncodings = 0;
			knownRegions = (
				en,
				Base,
			);
			mainGroup = FE3F356E19E616CD005A2166;
			productRefGroup = FE3F357819E616CD005A2166 /* Products */;
			projectDirPath = "";
			projectReferences = (
				{
					ProductGroup = FE08670619E7910E004AB167 /* Products */;
					ProjectRef = FE08670519E7910E004AB167 /* Alamofire.xcodeproj */;
				},
				{
					ProductGroup = FE3F35BF19E661FD005A2166 /* Products */;
					ProjectRef = FE3F35BE19E661FD005A2166 /* Nimble.xcodeproj */;
				},
				{
					ProductGroup = FE3F359D19E6610B005A2166 /* Products */;
					ProjectRef = FE3F359C19E6610B005A2166 /* Quick.xcodeproj */;
				},
				{
					ProductGroup = FE08670F19E7911B004AB167 /* Products */;
					ProjectRef = FE08670E19E7911B004AB167 /* SwiftyJSON.xcodeproj */;
				},
			);
			projectRoot = "";
			targets = (
				FE3F357619E616CD005A2166 /* cclt */,
				FE3F358B19E616CD005A2166 /* ccltTests */,
			);
		};
/* End PBXProject section */

/* Begin PBXReferenceProxy section */
		973B0A1C19EB847200B744AE /* Nimble.framework */ = {
			isa = PBXReferenceProxy;
			fileType = wrapper.framework;
			path = Nimble.framework;
			remoteRef = 973B0A1B19EB847200B744AE /* PBXContainerItemProxy */;
			sourceTree = BUILT_PRODUCTS_DIR;
		};
		973B0A1E19EB847200B744AE /* Nimble-OSXTests.xctest */ = {
			isa = PBXReferenceProxy;
			fileType = wrapper.cfbundle;
			path = "Nimble-OSXTests.xctest";
			remoteRef = 973B0A1D19EB847200B744AE /* PBXContainerItemProxy */;
			sourceTree = BUILT_PRODUCTS_DIR;
		};
		FE08670B19E7910E004AB167 /* Alamofire.framework */ = {
			isa = PBXReferenceProxy;
			fileType = wrapper.framework;
			path = Alamofire.framework;
			remoteRef = FE08670A19E7910E004AB167 /* PBXContainerItemProxy */;
			sourceTree = BUILT_PRODUCTS_DIR;
		};
		FE08670D19E7910E004AB167 /* AlamofireTests.xctest */ = {
			isa = PBXReferenceProxy;
			fileType = wrapper.cfbundle;
			path = AlamofireTests.xctest;
			remoteRef = FE08670C19E7910E004AB167 /* PBXContainerItemProxy */;
			sourceTree = BUILT_PRODUCTS_DIR;
		};
		FE08671419E7911B004AB167 /* SwiftyJSON.framework */ = {
			isa = PBXReferenceProxy;
			fileType = wrapper.framework;
			path = SwiftyJSON.framework;
			remoteRef = FE08671319E7911B004AB167 /* PBXContainerItemProxy */;
			sourceTree = BUILT_PRODUCTS_DIR;
		};
		FE08671619E7911B004AB167 /* SwiftyJSONTests.xctest */ = {
			isa = PBXReferenceProxy;
			fileType = wrapper.cfbundle;
			path = SwiftyJSONTests.xctest;
			remoteRef = FE08671519E7911B004AB167 /* PBXContainerItemProxy */;
			sourceTree = BUILT_PRODUCTS_DIR;
		};
		FE3F35A519E6610C005A2166 /* Quick.framework */ = {
			isa = PBXReferenceProxy;
			fileType = wrapper.framework;
			path = Quick.framework;
			remoteRef = FE3F35A419E6610C005A2166 /* PBXContainerItemProxy */;
			sourceTree = BUILT_PRODUCTS_DIR;
		};
		FE3F35A719E6610C005A2166 /* QuickTests.xctest */ = {
			isa = PBXReferenceProxy;
			fileType = wrapper.cfbundle;
			path = QuickTests.xctest;
			remoteRef = FE3F35A619E6610C005A2166 /* PBXContainerItemProxy */;
			sourceTree = BUILT_PRODUCTS_DIR;
		};
		FE3F35A919E6610C005A2166 /* Quick.framework */ = {
			isa = PBXReferenceProxy;
			fileType = wrapper.framework;
			path = Quick.framework;
			remoteRef = FE3F35A819E6610C005A2166 /* PBXContainerItemProxy */;
			sourceTree = BUILT_PRODUCTS_DIR;
		};
		FE3F35AB19E6610C005A2166 /* Quick-iOSTests.xctest */ = {
			isa = PBXReferenceProxy;
			fileType = wrapper.cfbundle;
			path = "Quick-iOSTests.xctest";
			remoteRef = FE3F35AA19E6610C005A2166 /* PBXContainerItemProxy */;
			sourceTree = BUILT_PRODUCTS_DIR;
		};
		FE3F35C619E661FD005A2166 /* Nimble.framework */ = {
			isa = PBXReferenceProxy;
			fileType = wrapper.framework;
			path = Nimble.framework;
			remoteRef = FE3F35C519E661FD005A2166 /* PBXContainerItemProxy */;
			sourceTree = BUILT_PRODUCTS_DIR;
		};
		FE3F35C819E661FD005A2166 /* NimbleTests.xctest */ = {
			isa = PBXReferenceProxy;
			fileType = wrapper.cfbundle;
			path = NimbleTests.xctest;
			remoteRef = FE3F35C719E661FD005A2166 /* PBXContainerItemProxy */;
			sourceTree = BUILT_PRODUCTS_DIR;
		};
/* End PBXReferenceProxy section */

/* Begin PBXResourcesBuildPhase section */
		FE3F357519E616CD005A2166 /* Resources */ = {
			isa = PBXResourcesBuildPhase;
			buildActionMask = 2147483647;
			files = (
				FE3F358219E616CD005A2166 /* Main.storyboard in Resources */,
				FE3F358719E616CD005A2166 /* LaunchScreen.xib in Resources */,
				FE3F358419E616CD005A2166 /* Images.xcassets in Resources */,
			);
			runOnlyForDeploymentPostprocessing = 0;
		};
		FE3F358A19E616CD005A2166 /* Resources */ = {
			isa = PBXResourcesBuildPhase;
			buildActionMask = 2147483647;
			files = (
			);
			runOnlyForDeploymentPostprocessing = 0;
		};
/* End PBXResourcesBuildPhase section */

/* Begin PBXSourcesBuildPhase section */
		FE3F357319E616CD005A2166 /* Sources */ = {
			isa = PBXSourcesBuildPhase;
			buildActionMask = 2147483647;
			files = (
				FE3F35E919E6649D005A2166 /* AppDelegate.swift in Sources */,
				FE3F35ED19E664F7005A2166 /* Summary.swift in Sources */,
				FE3F35EA19E6649D005A2166 /* ViewController.swift in Sources */,
				FE3F35F019E66ACA005A2166 /* CcltRoute.swift in Sources */,
			);
			runOnlyForDeploymentPostprocessing = 0;
		};
		FE3F358819E616CD005A2166 /* Sources */ = {
			isa = PBXSourcesBuildPhase;
			buildActionMask = 2147483647;
			files = (
				FE3F359319E616CD005A2166 /* ccltTests.swift in Sources */,
				973B0A1619EB847200B744AE /* CcltRoute.swift in Sources */,
			);
			runOnlyForDeploymentPostprocessing = 0;
		};
/* End PBXSourcesBuildPhase section */

/* Begin PBXTargetDependency section */
		FE08671819E79124004AB167 /* PBXTargetDependency */ = {
			isa = PBXTargetDependency;
			name = Alamofire;
			targetProxy = FE08671719E79124004AB167 /* PBXContainerItemProxy */;
		};
		FE3F358E19E616CD005A2166 /* PBXTargetDependency */ = {
			isa = PBXTargetDependency;
			target = FE3F357619E616CD005A2166 /* cclt */;
			targetProxy = FE3F358D19E616CD005A2166 /* PBXContainerItemProxy */;
		};
		FECCC2AF19E77DE1005C039B /* PBXTargetDependency */ = {
			isa = PBXTargetDependency;
			name = "Quick-iOS";
			targetProxy = FECCC2AE19E77DE1005C039B /* PBXContainerItemProxy */;
		};
		FECCC2B119E77DE1005C039B /* PBXTargetDependency */ = {
			isa = PBXTargetDependency;
			name = "Nimble-iOS";
			targetProxy = FECCC2B019E77DE1005C039B /* PBXContainerItemProxy */;
		};
/* End PBXTargetDependency section */

/* Begin PBXVariantGroup section */
		FE3F358019E616CD005A2166 /* Main.storyboard */ = {
			isa = PBXVariantGroup;
			children = (
				FE3F358119E616CD005A2166 /* Base */,
			);
			name = Main.storyboard;
			sourceTree = "<group>";
		};
		FE3F358519E616CD005A2166 /* LaunchScreen.xib */ = {
			isa = PBXVariantGroup;
			children = (
				FE3F358619E616CD005A2166 /* Base */,
			);
			name = LaunchScreen.xib;
			sourceTree = "<group>";
		};
/* End PBXVariantGroup section */

/* Begin XCBuildConfiguration section */
		FE3F359419E616CD005A2166 /* Debug */ = {
			isa = XCBuildConfiguration;
			buildSettings = {
				ALWAYS_SEARCH_USER_PATHS = NO;
				CLANG_CXX_LANGUAGE_STANDARD = "gnu++0x";
				CLANG_CXX_LIBRARY = "libc++";
				CLANG_ENABLE_MODULES = YES;
				CLANG_ENABLE_OBJC_ARC = YES;
				CLANG_WARN_BOOL_CONVERSION = YES;
				CLANG_WARN_CONSTANT_CONVERSION = YES;
				CLANG_WARN_DIRECT_OBJC_ISA_USAGE = YES_ERROR;
				CLANG_WARN_EMPTY_BODY = YES;
				CLANG_WARN_ENUM_CONVERSION = YES;
				CLANG_WARN_INT_CONVERSION = YES;
				CLANG_WARN_OBJC_ROOT_CLASS = YES_ERROR;
				CLANG_WARN_UNREACHABLE_CODE = YES;
				CLANG_WARN__DUPLICATE_METHOD_MATCH = YES;
				"CODE_SIGN_IDENTITY[sdk=iphoneos*]" = "iPhone Developer";
				COPY_PHASE_STRIP = NO;
				ENABLE_STRICT_OBJC_MSGSEND = YES;
				GCC_C_LANGUAGE_STANDARD = gnu99;
				GCC_DYNAMIC_NO_PIC = NO;
				GCC_OPTIMIZATION_LEVEL = 0;
				GCC_PREPROCESSOR_DEFINITIONS = (
					"DEBUG=1",
					"$(inherited)",
				);
				GCC_SYMBOLS_PRIVATE_EXTERN = NO;
				GCC_WARN_64_TO_32_BIT_CONVERSION = YES;
				GCC_WARN_ABOUT_RETURN_TYPE = YES_ERROR;
				GCC_WARN_UNDECLARED_SELECTOR = YES;
				GCC_WARN_UNINITIALIZED_AUTOS = YES_AGGRESSIVE;
				GCC_WARN_UNUSED_FUNCTION = YES;
				GCC_WARN_UNUSED_VARIABLE = YES;
				IPHONEOS_DEPLOYMENT_TARGET = 8.0;
				LD_RUNPATH_SEARCH_PATHS = "@executable_path/Frameworks";
				MTL_ENABLE_DEBUG_INFO = YES;
				ONLY_ACTIVE_ARCH = YES;
				SDKROOT = iphoneos;
				SWIFT_OPTIMIZATION_LEVEL = "-Onone";
				TARGETED_DEVICE_FAMILY = "1,2";
			};
			name = Debug;
		};
		FE3F359519E616CD005A2166 /* Release */ = {
			isa = XCBuildConfiguration;
			buildSettings = {
				ALWAYS_SEARCH_USER_PATHS = NO;
				CLANG_CXX_LANGUAGE_STANDARD = "gnu++0x";
				CLANG_CXX_LIBRARY = "libc++";
				CLANG_ENABLE_MODULES = YES;
				CLANG_ENABLE_OBJC_ARC = YES;
				CLANG_WARN_BOOL_CONVERSION = YES;
				CLANG_WARN_CONSTANT_CONVERSION = YES;
				CLANG_WARN_DIRECT_OBJC_ISA_USAGE = YES_ERROR;
				CLANG_WARN_EMPTY_BODY = YES;
				CLANG_WARN_ENUM_CONVERSION = YES;
				CLANG_WARN_INT_CONVERSION = YES;
				CLANG_WARN_OBJC_ROOT_CLASS = YES_ERROR;
				CLANG_WARN_UNREACHABLE_CODE = YES;
				CLANG_WARN__DUPLICATE_METHOD_MATCH = YES;
				"CODE_SIGN_IDENTITY[sdk=iphoneos*]" = "iPhone Developer";
				COPY_PHASE_STRIP = YES;
				ENABLE_NS_ASSERTIONS = NO;
				ENABLE_STRICT_OBJC_MSGSEND = YES;
				GCC_C_LANGUAGE_STANDARD = gnu99;
				GCC_WARN_64_TO_32_BIT_CONVERSION = YES;
				GCC_WARN_ABOUT_RETURN_TYPE = YES_ERROR;
				GCC_WARN_UNDECLARED_SELECTOR = YES;
				GCC_WARN_UNINITIALIZED_AUTOS = YES_AGGRESSIVE;
				GCC_WARN_UNUSED_FUNCTION = YES;
				GCC_WARN_UNUSED_VARIABLE = YES;
				IPHONEOS_DEPLOYMENT_TARGET = 8.0;
				LD_RUNPATH_SEARCH_PATHS = "@executable_path/Frameworks";
				MTL_ENABLE_DEBUG_INFO = NO;
				SDKROOT = iphoneos;
				TARGETED_DEVICE_FAMILY = "1,2";
				VALIDATE_PRODUCT = YES;
			};
			name = Release;
		};
		FE3F359719E616CD005A2166 /* Debug */ = {
			isa = XCBuildConfiguration;
			buildSettings = {
				ASSETCATALOG_COMPILER_APPICON_NAME = AppIcon;
				EMBEDDED_CONTENT_CONTAINS_SWIFT = YES;
				INFOPLIST_FILE = cclt/Info.plist;
				LD_RUNPATH_SEARCH_PATHS = "$(inherited) @executable_path/Frameworks";
				PRODUCT_NAME = "$(TARGET_NAME)";
			};
			name = Debug;
		};
		FE3F359819E616CD005A2166 /* Release */ = {
			isa = XCBuildConfiguration;
			buildSettings = {
				ASSETCATALOG_COMPILER_APPICON_NAME = AppIcon;
				EMBEDDED_CONTENT_CONTAINS_SWIFT = YES;
				INFOPLIST_FILE = cclt/Info.plist;
				LD_RUNPATH_SEARCH_PATHS = "$(inherited) @executable_path/Frameworks";
				PRODUCT_NAME = "$(TARGET_NAME)";
			};
			name = Release;
		};
		FE3F359A19E616CD005A2166 /* Debug */ = {
			isa = XCBuildConfiguration;
			buildSettings = {
				BUNDLE_LOADER = "$(TEST_HOST)";
				FRAMEWORK_SEARCH_PATHS = (
					"$(SDKROOT)/Developer/Library/Frameworks",
					"$(inherited)",
					"$(PROJECT_DIR)/Vendor/Quick/Externals/Nimble/build/Debug-iphoneos",
				);
				GCC_PREPROCESSOR_DEFINITIONS = (
					"DEBUG=1",
					"$(inherited)",
				);
				INFOPLIST_FILE = ccltTests/Info.plist;
				LD_RUNPATH_SEARCH_PATHS = "$(inherited) @executable_path/Frameworks @loader_path/Frameworks";
				PRODUCT_NAME = "$(TARGET_NAME)";
				TEST_HOST = "$(BUILT_PRODUCTS_DIR)/cclt.app/cclt";
			};
			name = Debug;
		};
		FE3F359B19E616CD005A2166 /* Release */ = {
			isa = XCBuildConfiguration;
			buildSettings = {
				BUNDLE_LOADER = "$(TEST_HOST)";
				FRAMEWORK_SEARCH_PATHS = (
					"$(SDKROOT)/Developer/Library/Frameworks",
					"$(inherited)",
					"$(PROJECT_DIR)/Vendor/Quick/Externals/Nimble/build/Debug-iphoneos",
				);
				INFOPLIST_FILE = ccltTests/Info.plist;
				LD_RUNPATH_SEARCH_PATHS = "$(inherited) @executable_path/Frameworks @loader_path/Frameworks";
				PRODUCT_NAME = "$(TARGET_NAME)";
				TEST_HOST = "$(BUILT_PRODUCTS_DIR)/cclt.app/cclt";
			};
			name = Release;
		};
/* End XCBuildConfiguration section */

/* Begin XCConfigurationList section */
		FE3F357219E616CD005A2166 /* Build configuration list for PBXProject "cclt" */ = {
			isa = XCConfigurationList;
			buildConfigurations = (
				FE3F359419E616CD005A2166 /* Debug */,
				FE3F359519E616CD005A2166 /* Release */,
			);
			defaultConfigurationIsVisible = 0;
			defaultConfigurationName = Release;
		};
		FE3F359619E616CD005A2166 /* Build configuration list for PBXNativeTarget "cclt" */ = {
			isa = XCConfigurationList;
			buildConfigurations = (
				FE3F359719E616CD005A2166 /* Debug */,
				FE3F359819E616CD005A2166 /* Release */,
			);
			defaultConfigurationIsVisible = 0;
			defaultConfigurationName = Release;
		};
		FE3F359919E616CD005A2166 /* Build configuration list for PBXNativeTarget "ccltTests" */ = {
			isa = XCConfigurationList;
			buildConfigurations = (
				FE3F359A19E616CD005A2166 /* Debug */,
				FE3F359B19E616CD005A2166 /* Release */,
			);
			defaultConfigurationIsVisible = 0;
			defaultConfigurationName = Release;
		};
/* End XCConfigurationList section */
	};
	rootObject = FE3F356F19E616CD005A2166 /* Project object */;
}
